{
    "version": 3,
    "terraform_version": "0.11.5",
    "serial": 140,
    "lineage": "0fa36772-fe0e-faef-974e-af26adf1f4f0",
    "modules": [
        {
            "path": [
                "root"
            ],
            "outputs": {},
            "resources": {},
            "depends_on": []
        },
        {
            "path": [
                "root",
                "global"
            ],
            "outputs": {
                "codedeploy_role_arn": {
                    "sensitive": false,
                    "type": "string",
                    "value": "arn:aws:iam::139215403177:role/ToptalDevOpsCodeDeployServiceRole"
                },
                "webserver_iam_profile": {
                    "sensitive": false,
                    "type": "string",
                    "value": "ToptalDevOpsWebServerProfile"
                }
            },
            "resources": {},
            "depends_on": []
        },
        {
            "path": [
                "root",
                "devEnvironment",
                "application"
            ],
            "outputs": {
                "webservers_asg_id": {
                    "sensitive": false,
                    "type": "string",
                    "value": "dev-WebServers-ASG"
                }
            },
            "resources": {
                "aws_autoscaling_group.webserver_asg": {
                    "type": "aws_autoscaling_group",
                    "depends_on": [
                        "aws_launch_configuration.webserver_lc"
                    ],
                    "primary": {
                        "id": "dev-WebServers-ASG",
                        "attributes": {
                            "arn": "arn:aws:autoscaling:us-east-1:139215403177:autoScalingGroup:e901b74f-4cd3-437d-9309-ce793eae138f:autoScalingGroupName/dev-WebServers-ASG",
                            "availability_zones.#": "2",
                            "availability_zones.1305112097": "us-east-1b",
                            "availability_zones.3569565595": "us-east-1a",
                            "default_cooldown": "30",
                            "desired_capacity": "2",
                            "enabled_metrics.#": "0",
                            "force_delete": "false",
                            "health_check_grace_period": "300",
                            "health_check_type": "ELB",
                            "id": "dev-WebServers-ASG",
                            "launch_configuration": "dev-WebServer-LC-20180409164104771500000001",
                            "load_balancers.#": "0",
                            "max_size": "4",
                            "metrics_granularity": "1Minute",
                            "min_size": "2",
                            "name": "dev-WebServers-ASG",
                            "placement_group": "",
                            "protect_from_scale_in": "false",
                            "service_linked_role_arn": "arn:aws:iam::139215403177:role/aws-service-role/autoscaling.amazonaws.com/AWSServiceRoleForAutoScaling",
                            "suspended_processes.#": "0",
                            "tag.#": "2",
                            "tag.519719603.key": "env",
                            "tag.519719603.propagate_at_launch": "true",
                            "tag.519719603.value": "dev",
                            "tag.654442587.key": "Name",
                            "tag.654442587.propagate_at_launch": "true",
                            "tag.654442587.value": "dev-WebServer",
                            "target_group_arns.#": "1",
                            "target_group_arns.587989083": "arn:aws:elasticloadbalancing:us-east-1:139215403177:targetgroup/Notejam-dev-ALB-TG/d1ba2cea435ca445",
                            "termination_policies.#": "0",
                            "vpc_zone_identifier.#": "2",
                            "vpc_zone_identifier.1404271234": "subnet-f4d5ce90",
                            "vpc_zone_identifier.3249924548": "subnet-f13137ac",
                            "wait_for_capacity_timeout": "10m"
                        },
                        "meta": {
                            "e2bfb730-ecaa-11e6-8f88-34363bc7c4c0": {
                                "delete": 600000000000
                            }
                        },
                        "tainted": false
                    },
                    "deposed": [],
                    "provider": "provider.aws"
                },
                "aws_autoscaling_policy.avg_cpu": {
                    "type": "aws_autoscaling_policy",
                    "depends_on": [
                        "aws_autoscaling_group.webserver_asg"
                    ],
                    "primary": {
                        "id": "dev-WebServers-ASG-AvgCPU-ASP",
                        "attributes": {
                            "adjustment_type": "",
                            "arn": "arn:aws:autoscaling:us-east-1:139215403177:scalingPolicy:9c63debe-e244-4ac5-9b07-619f641da023:autoScalingGroupName/dev-WebServers-ASG:policyName/dev-WebServers-ASG-AvgCPU-ASP",
                            "autoscaling_group_name": "dev-WebServers-ASG",
                            "cooldown": "0",
                            "estimated_instance_warmup": "600",
                            "id": "dev-WebServers-ASG-AvgCPU-ASP",
                            "metric_aggregation_type": "",
                            "min_adjustment_step": "0",
                            "name": "dev-WebServers-ASG-AvgCPU-ASP",
                            "policy_type": "TargetTrackingScaling",
                            "scaling_adjustment": "0",
                            "step_adjustment.#": "0",
                            "target_tracking_configuration.#": "1",
                            "target_tracking_configuration.0.customized_metric_specification.#": "0",
                            "target_tracking_configuration.0.disable_scale_in": "false",
                            "target_tracking_configuration.0.predefined_metric_specification.#": "1",
                            "target_tracking_configuration.0.predefined_metric_specification.0.predefined_metric_type": "ASGAverageCPUUtilization",
                            "target_tracking_configuration.0.predefined_metric_specification.0.resource_label": "",
                            "target_tracking_configuration.0.target_value": "70"
                        },
                        "meta": {},
                        "tainted": false
                    },
                    "deposed": [],
                    "provider": "provider.aws"
                },
                "aws_codedeploy_deployment_group.app_dg": {
                    "type": "aws_codedeploy_deployment_group",
                    "depends_on": [
                        "aws_autoscaling_group.webserver_asg"
                    ],
                    "primary": {
                        "id": "34e9103c-83ee-4196-8a15-0b59a459b1fd",
                        "attributes": {
                            "alarm_configuration.#": "0",
                            "app_name": "ToptalDevOpsScreening.Notejam",
                            "auto_rollback_configuration.#": "1",
                            "auto_rollback_configuration.0.enabled": "true",
                            "auto_rollback_configuration.0.events.#": "1",
                            "auto_rollback_configuration.0.events.135881253": "DEPLOYMENT_FAILURE",
                            "autoscaling_groups.#": "1",
                            "autoscaling_groups.2025594627": "dev-WebServers-ASG",
                            "blue_green_deployment_config.#": "0",
                            "deployment_config_name": "CodeDeployDefault.AllAtOnce",
                            "deployment_group_name": "ToptalDevOpsScreening.Notejam-deploy-dev",
                            "deployment_style.#": "1",
                            "deployment_style.0.deployment_option": "WITHOUT_TRAFFIC_CONTROL",
                            "deployment_style.0.deployment_type": "IN_PLACE",
                            "ec2_tag_filter.#": "0",
                            "id": "34e9103c-83ee-4196-8a15-0b59a459b1fd",
                            "load_balancer_info.#": "0",
                            "on_premises_instance_tag_filter.#": "0",
                            "service_role_arn": "arn:aws:iam::139215403177:role/ToptalDevOpsCodeDeployServiceRole",
                            "trigger_configuration.#": "0"
                        },
                        "meta": {},
                        "tainted": false
                    },
                    "deposed": [],
                    "provider": "provider.aws"
                },
                "aws_efs_file_system.notejam_efs": {
                    "type": "aws_efs_file_system",
                    "depends_on": [],
                    "primary": {
                        "id": "fs-2cd30d64",
                        "attributes": {
                            "creation_token": "dev-notejam-efs",
                            "dns_name": "fs-2cd30d64.efs.us-east-1.amazonaws.com",
                            "encrypted": "false",
                            "id": "fs-2cd30d64",
                            "kms_key_id": "",
                            "performance_mode": "generalPurpose",
                            "tags.%": "1",
                            "tags.Name": "dev-notejam-efs"
                        },
                        "meta": {},
                        "tainted": false
                    },
                    "deposed": [],
                    "provider": "provider.aws"
                },
                "aws_efs_mount_target.notejam_efs.0": {
                    "type": "aws_efs_mount_target",
                    "depends_on": [
                        "aws_efs_file_system.notejam_efs"
                    ],
                    "primary": {
                        "id": "fsmt-6101a829",
                        "attributes": {
                            "dns_name": "fs-2cd30d64.efs.us-east-1.amazonaws.com",
                            "file_system_id": "fs-2cd30d64",
                            "id": "fsmt-6101a829",
                            "ip_address": "172.16.0.138",
                            "network_interface_id": "eni-81aa1107",
                            "security_groups.#": "1",
                            "security_groups.1745225030": "sg-32f43b7b",
                            "subnet_id": "subnet-f13137ac"
                        },
                        "meta": {},
                        "tainted": false
                    },
                    "deposed": [],
                    "provider": "provider.aws"
                },
                "aws_efs_mount_target.notejam_efs.1": {
                    "type": "aws_efs_mount_target",
                    "depends_on": [
                        "aws_efs_file_system.notejam_efs"
                    ],
                    "primary": {
                        "id": "fsmt-6301a82b",
                        "attributes": {
                            "dns_name": "fs-2cd30d64.efs.us-east-1.amazonaws.com",
                            "file_system_id": "fs-2cd30d64",
                            "id": "fsmt-6301a82b",
                            "ip_address": "172.16.1.38",
                            "network_interface_id": "eni-e900a66a",
                            "security_groups.#": "1",
                            "security_groups.1745225030": "sg-32f43b7b",
                            "subnet_id": "subnet-f4d5ce90"
                        },
                        "meta": {},
                        "tainted": false
                    },
                    "deposed": [],
                    "provider": "provider.aws"
                },
                "aws_launch_configuration.webserver_lc": {
                    "type": "aws_launch_configuration",
                    "depends_on": [],
                    "primary": {
                        "id": "dev-WebServer-LC-20180409164104771500000001",
                        "attributes": {
                            "associate_public_ip_address": "true",
                            "ebs_block_device.#": "0",
                            "ebs_optimized": "false",
                            "enable_monitoring": "true",
                            "ephemeral_block_device.#": "0",
                            "iam_instance_profile": "ToptalDevOpsWebServerProfile",
                            "id": "dev-WebServer-LC-20180409164104771500000001",
                            "image_id": "ami-cef12db1",
                            "instance_type": "t2.micro",
                            "key_name": "TomislavCapanRSAKey",
                            "name": "dev-WebServer-LC-20180409164104771500000001",
                            "name_prefix": "dev-WebServer-LC-",
                            "root_block_device.#": "0",
                            "security_groups.#": "1",
                            "security_groups.1766232678": "sg-069e9570",
                            "spot_price": "",
                            "user_data": "9746298c8ce51a3427533bedd0affd815ed292d9",
                            "vpc_classic_link_id": "",
                            "vpc_classic_link_security_groups.#": "0"
                        },
                        "meta": {},
                        "tainted": false
                    },
                    "deposed": [],
                    "provider": "provider.aws"
                },
                "data.template_file.user_data": {
                    "type": "template_file",
                    "depends_on": [
                        "aws_efs_file_system.notejam_efs"
                    ],
                    "primary": {
                        "id": "afe7f5eb0cf3bfd6a0c427e6a2d12fb0893b0f381d0125dbd57372fe4358a2b8",
                        "attributes": {
                            "id": "afe7f5eb0cf3bfd6a0c427e6a2d12fb0893b0f381d0125dbd57372fe4358a2b8",
                            "rendered": "#!/bin/bash\n\n#### EFS SETUP\napt-get -y install nfs-common\nmkdir -p /efs\nchown ubuntu:ubuntu /efs\nFSTAB_EFS_MOUNT_STRING=\"fs-2cd30d64.efs.us-east-1.amazonaws.com:/ /efs nfs4 nfsvers=4.1,rsize=1048576,wsize=1048576,hard,timeo=600,retrans=2 0 0\"\necho $FSTAB_EFS_MOUNT_STRING | sudo tee -a /etc/fstab\nmount -a -t nfs4\n\n## DataDog logging agent - install \u0026 add to 'adm' group for getting logs R/O access\nDD_API_KEY=75fccbf84c1ada6945f926bf72091743 bash -c \"$(curl -L https://raw.githubusercontent.com/DataDog/datadog-agent/master/cmd/agent/install_script.sh)\"\nusermod -a -G adm dd-agent\n\n## Enable status check for nginx (via localhost only)\ncat \u003c\u003cEOF \u003e /etc/nginx/conf.d/status.conf\nserver {\n  listen 81;\n  server_name localhost;\n\n  access_log off;\n  allow 127.0.0.1;\n  deny all;\n\n  location /nginx_status {\n    # Choose your status module\n\n    # freely available with open source NGINX\n    stub_status;\n\n    # available only with NGINX Plus\n    # status;\n  }\n}\nEOF\n\n\n#### Datadog config\nDATADOG_YAML='/etc/datadog-agent/datadog.yaml'\n\n## Enable logs collection in datadog\nMATCH='# logs_enabled: false'\nINSERT='logs_enabled: true'\nsed -i \"s/$MATCH/$MATCH\\n\\n$INSERT\\n/\" $DATADOG_YAML\n\n## Enable collecting data about system processes for debugging bottlenecks\ncat \u003c\u003cEOM \u003e\u003e $DATADOG_YAML\n\nprocess_config:\n  enabled: \"true\"\nEOM\n\n\n## Enable system logs collection\nDD_SYSLOG_CONF_DIR=/etc/datadog-agent/conf.d/syslog.d\nmkdir -p ${DD_SYSLOG_CONF_DIR}\ncat \u003c\u003cEOF \u003e ${DD_SYSLOG_CONF_DIR}/conf.yaml\nlogs:\n  - type: file\n    path: /var/log/syslog\n    service: system\n    source: syslog\n    sourcecategory: system_logs\nEOF\n\n\n## Enable nginx status and logs collection\nDD_NGINX_CONF_DIR=/etc/datadog-agent/conf.d/nginx.d\nmkdir -p ${DD_NGINX_CONF_DIR}\ncat \u003c\u003cEOF \u003e ${DD_NGINX_CONF_DIR}/conf.yaml\ninit_config:\n\ninstances:\n  - nginx_status_url: http://localhost:81/nginx_status/\n\nlogs:\n  - type: file\n    path: /var/log/nginx/access.log\n    service: nginx\n    source: nginx\n    sourcecategory: http_web_access\n\n  - type: file\n    path: /var/log/nginx/error.log\n    service: nginx\n    source: nginx\n    sourcecategory: http_web_access\nEOF\n\n\n## Restart services whose configs have changed\nsystemctl restart nginx\nsystemctl restart datadog-agent\n\n#### CREATE deploy dir for AWS CodeDeploy (it expects an empty dir to mark installation finished)\nDEPLOY_APP_PATH=/var/www/html\nmkdir -p $DEPLOY_APP_PATH\nchown www-data:www-data $DEPLOY_APP_PATH\n\nexit 0;\n",
                            "template": "#!/bin/bash\n\n#### EFS SETUP\napt-get -y install nfs-common\nmkdir -p /efs\nchown ubuntu:ubuntu /efs\nFSTAB_EFS_MOUNT_STRING=\"${efs_dns_name}:/ /efs nfs4 nfsvers=4.1,rsize=1048576,wsize=1048576,hard,timeo=600,retrans=2 0 0\"\necho $FSTAB_EFS_MOUNT_STRING | sudo tee -a /etc/fstab\nmount -a -t nfs4\n\n## DataDog logging agent - install \u0026 add to 'adm' group for getting logs R/O access\nDD_API_KEY=${datadog_api_key} bash -c \"$(curl -L https://raw.githubusercontent.com/DataDog/datadog-agent/master/cmd/agent/install_script.sh)\"\nusermod -a -G adm dd-agent\n\n## Enable status check for nginx (via localhost only)\ncat \u003c\u003cEOF \u003e /etc/nginx/conf.d/status.conf\nserver {\n  listen 81;\n  server_name localhost;\n\n  access_log off;\n  allow 127.0.0.1;\n  deny all;\n\n  location /nginx_status {\n    # Choose your status module\n\n    # freely available with open source NGINX\n    stub_status;\n\n    # available only with NGINX Plus\n    # status;\n  }\n}\nEOF\n\n\n#### Datadog config\nDATADOG_YAML='/etc/datadog-agent/datadog.yaml'\n\n## Enable logs collection in datadog\nMATCH='# logs_enabled: false'\nINSERT='logs_enabled: true'\nsed -i \"s/$MATCH/$MATCH\\n\\n$INSERT\\n/\" $DATADOG_YAML\n\n## Enable collecting data about system processes for debugging bottlenecks\ncat \u003c\u003cEOM \u003e\u003e $DATADOG_YAML\n\nprocess_config:\n  enabled: \"true\"\nEOM\n\n\n## Enable system logs collection\nDD_SYSLOG_CONF_DIR=/etc/datadog-agent/conf.d/syslog.d\nmkdir -p $${DD_SYSLOG_CONF_DIR}\ncat \u003c\u003cEOF \u003e $${DD_SYSLOG_CONF_DIR}/conf.yaml\nlogs:\n  - type: file\n    path: /var/log/syslog\n    service: system\n    source: syslog\n    sourcecategory: system_logs\nEOF\n\n\n## Enable nginx status and logs collection\nDD_NGINX_CONF_DIR=/etc/datadog-agent/conf.d/nginx.d\nmkdir -p $${DD_NGINX_CONF_DIR}\ncat \u003c\u003cEOF \u003e $${DD_NGINX_CONF_DIR}/conf.yaml\ninit_config:\n\ninstances:\n  - nginx_status_url: http://localhost:81/nginx_status/\n\nlogs:\n  - type: file\n    path: /var/log/nginx/access.log\n    service: nginx\n    source: nginx\n    sourcecategory: http_web_access\n\n  - type: file\n    path: /var/log/nginx/error.log\n    service: nginx\n    source: nginx\n    sourcecategory: http_web_access\nEOF\n\n\n## Restart services whose configs have changed\nsystemctl restart nginx\nsystemctl restart datadog-agent\n\n#### CREATE deploy dir for AWS CodeDeploy (it expects an empty dir to mark installation finished)\nDEPLOY_APP_PATH=/var/www/html\nmkdir -p $DEPLOY_APP_PATH\nchown www-data:www-data $DEPLOY_APP_PATH\n\nexit 0;\n",
                            "vars.%": "2",
                            "vars.datadog_api_key": "75fccbf84c1ada6945f926bf72091743",
                            "vars.efs_dns_name": "fs-2cd30d64.efs.us-east-1.amazonaws.com"
                        },
                        "meta": {},
                        "tainted": false
                    },
                    "deposed": [],
                    "provider": "provider.template"
                }
            },
            "depends_on": []
        },
        {
            "path": [
                "root",
                "devEnvironment",
                "bastions"
            ],
            "outputs": {},
            "resources": {
                "aws_autoscaling_group.bastion_asg": {
                    "type": "aws_autoscaling_group",
                    "depends_on": [
                        "aws_launch_configuration.bastion_lc"
                    ],
                    "primary": {
                        "id": "dev-Bastions-ASG",
                        "attributes": {
                            "arn": "arn:aws:autoscaling:us-east-1:139215403177:autoScalingGroup:e8fb29da-e96b-425b-91dc-5dd24a1527d0:autoScalingGroupName/dev-Bastions-ASG",
                            "availability_zones.#": "2",
                            "availability_zones.1305112097": "us-east-1b",
                            "availability_zones.3569565595": "us-east-1a",
                            "default_cooldown": "30",
                            "desired_capacity": "1",
                            "enabled_metrics.#": "0",
                            "force_delete": "false",
                            "health_check_grace_period": "300",
                            "health_check_type": "EC2",
                            "id": "dev-Bastions-ASG",
                            "launch_configuration": "dev-Bastion-LC-20180405224400826500000003",
                            "load_balancers.#": "0",
                            "max_size": "1",
                            "metrics_granularity": "1Minute",
                            "min_size": "1",
                            "name": "dev-Bastions-ASG",
                            "placement_group": "",
                            "protect_from_scale_in": "false",
                            "service_linked_role_arn": "arn:aws:iam::139215403177:role/aws-service-role/autoscaling.amazonaws.com/AWSServiceRoleForAutoScaling",
                            "suspended_processes.#": "0",
                            "tag.#": "2",
                            "tag.2276082539.key": "Name",
                            "tag.2276082539.propagate_at_launch": "true",
                            "tag.2276082539.value": "dev-Bastion",
                            "tag.519719603.key": "env",
                            "tag.519719603.propagate_at_launch": "true",
                            "tag.519719603.value": "dev",
                            "target_group_arns.#": "0",
                            "termination_policies.#": "0",
                            "vpc_zone_identifier.#": "2",
                            "vpc_zone_identifier.1983060561": "subnet-e23a3cbf",
                            "vpc_zone_identifier.2764070216": "subnet-ff22399b",
                            "wait_for_capacity_timeout": "10m"
                        },
                        "meta": {
                            "e2bfb730-ecaa-11e6-8f88-34363bc7c4c0": {
                                "delete": 600000000000
                            }
                        },
                        "tainted": false
                    },
                    "deposed": [],
                    "provider": "provider.aws"
                },
                "aws_launch_configuration.bastion_lc": {
                    "type": "aws_launch_configuration",
                    "depends_on": [],
                    "primary": {
                        "id": "dev-Bastion-LC-20180405224400826500000003",
                        "attributes": {
                            "associate_public_ip_address": "true",
                            "ebs_block_device.#": "0",
                            "ebs_optimized": "false",
                            "enable_monitoring": "true",
                            "ephemeral_block_device.#": "0",
                            "iam_instance_profile": "",
                            "id": "dev-Bastion-LC-20180405224400826500000003",
                            "image_id": "ami-43a15f3e",
                            "instance_type": "t2.nano",
                            "key_name": "TomislavCapanRSAKey",
                            "name": "dev-Bastion-LC-20180405224400826500000003",
                            "name_prefix": "dev-Bastion-LC-",
                            "root_block_device.#": "0",
                            "security_groups.#": "1",
                            "security_groups.1980505604": "sg-24a9a252",
                            "spot_price": "",
                            "user_data": "611128c675fb177738f93a369218a642ea1712ad",
                            "vpc_classic_link_id": "",
                            "vpc_classic_link_security_groups.#": "0"
                        },
                        "meta": {},
                        "tainted": false
                    },
                    "deposed": [],
                    "provider": "provider.aws"
                }
            },
            "depends_on": []
        },
        {
            "path": [
                "root",
                "devEnvironment",
                "database"
            ],
            "outputs": {},
            "resources": {
                "aws_db_instance.default": {
                    "type": "aws_db_instance",
                    "depends_on": [
                        "aws_db_subnet_group.default_sng"
                    ],
                    "primary": {
                        "id": "dev-notejam-mysql",
                        "attributes": {
                            "address": "dev-notejam-mysql.chk4fhd2effd.us-east-1.rds.amazonaws.com",
                            "allocated_storage": "10",
                            "arn": "arn:aws:rds:us-east-1:139215403177:db:dev-notejam-mysql",
                            "auto_minor_version_upgrade": "true",
                            "availability_zone": "us-east-1a",
                            "backup_retention_period": "7",
                            "backup_window": "00:00-03:00",
                            "ca_cert_identifier": "rds-ca-2015",
                            "copy_tags_to_snapshot": "false",
                            "db_subnet_group_name": "dev-default-rds-sng",
                            "endpoint": "dev-notejam-mysql.chk4fhd2effd.us-east-1.rds.amazonaws.com:3306",
                            "engine": "mysql",
                            "engine_version": "5.7.21",
                            "hosted_zone_id": "Z2R2ITUGPM61AM",
                            "iam_database_authentication_enabled": "false",
                            "id": "dev-notejam-mysql",
                            "identifier": "dev-notejam-mysql",
                            "instance_class": "db.t2.micro",
                            "iops": "0",
                            "kms_key_id": "",
                            "license_model": "general-public-license",
                            "maintenance_window": "mon:03:30-mon:04:30",
                            "monitoring_interval": "0",
                            "multi_az": "false",
                            "name": "notejam",
                            "option_group_name": "default:mysql-5-7",
                            "parameter_group_name": "default.mysql5.7",
                            "password": "supersecurepassword",
                            "port": "3306",
                            "publicly_accessible": "false",
                            "replicas.#": "0",
                            "replicate_source_db": "",
                            "resource_id": "db-CTDS23H35DLD6GJM5VTTPO3YPM",
                            "security_group_names.#": "0",
                            "skip_final_snapshot": "false",
                            "status": "available",
                            "storage_encrypted": "false",
                            "storage_type": "gp2",
                            "tags.%": "0",
                            "timezone": "",
                            "username": "notejamadmin",
                            "vpc_security_group_ids.#": "1",
                            "vpc_security_group_ids.2913619338": "sg-e95ba8a0"
                        },
                        "meta": {
                            "e2bfb730-ecaa-11e6-8f88-34363bc7c4c0": {
                                "create": 2400000000000,
                                "delete": 2400000000000,
                                "update": 4800000000000
                            }
                        },
                        "tainted": false
                    },
                    "deposed": [],
                    "provider": "provider.aws"
                },
                "aws_db_subnet_group.default_sng": {
                    "type": "aws_db_subnet_group",
                    "depends_on": [],
                    "primary": {
                        "id": "dev-default-rds-sng",
                        "attributes": {
                            "arn": "arn:aws:rds:us-east-1:139215403177:subgrp:dev-default-rds-sng",
                            "description": "Managed by Terraform",
                            "id": "dev-default-rds-sng",
                            "name": "dev-default-rds-sng",
                            "subnet_ids.#": "2",
                            "subnet_ids.1404271234": "subnet-f4d5ce90",
                            "subnet_ids.3249924548": "subnet-f13137ac",
                            "tags.%": "1",
                            "tags.Name": "Default DB subnet group"
                        },
                        "meta": {},
                        "tainted": false
                    },
                    "deposed": [],
                    "provider": "provider.aws"
                }
            },
            "depends_on": []
        },
        {
            "path": [
                "root",
                "devEnvironment",
                "loadbalancer"
            ],
            "outputs": {},
            "resources": {
                "aws_alb.app_alb": {
                    "type": "aws_alb",
                    "depends_on": [],
                    "primary": {
                        "id": "arn:aws:elasticloadbalancing:us-east-1:139215403177:loadbalancer/app/Notejam-dev-ALB/e48243213cd24f51",
                        "attributes": {
                            "access_logs.#": "0",
                            "arn": "arn:aws:elasticloadbalancing:us-east-1:139215403177:loadbalancer/app/Notejam-dev-ALB/e48243213cd24f51",
                            "arn_suffix": "app/Notejam-dev-ALB/e48243213cd24f51",
                            "dns_name": "Notejam-dev-ALB-1118290678.us-east-1.elb.amazonaws.com",
                            "enable_cross_zone_load_balancing": "false",
                            "enable_deletion_protection": "false",
                            "enable_http2": "true",
                            "id": "arn:aws:elasticloadbalancing:us-east-1:139215403177:loadbalancer/app/Notejam-dev-ALB/e48243213cd24f51",
                            "idle_timeout": "60",
                            "internal": "false",
                            "ip_address_type": "ipv4",
                            "load_balancer_type": "application",
                            "name": "Notejam-dev-ALB",
                            "security_groups.#": "1",
                            "security_groups.1125686013": "sg-59949f2f",
                            "subnet_mapping.#": "0",
                            "subnets.#": "2",
                            "subnets.1404271234": "subnet-f4d5ce90",
                            "subnets.3249924548": "subnet-f13137ac",
                            "tags.%": "1",
                            "tags.env": "dev",
                            "vpc_id": "vpc-46d44f3d",
                            "zone_id": "Z35SXDOTRQ7X7K"
                        },
                        "meta": {
                            "e2bfb730-ecaa-11e6-8f88-34363bc7c4c0": {
                                "create": 600000000000,
                                "delete": 600000000000,
                                "update": 600000000000
                            }
                        },
                        "tainted": false
                    },
                    "deposed": [],
                    "provider": "provider.aws"
                },
                "aws_alb_listener.app_alb_http_listener": {
                    "type": "aws_alb_listener",
                    "depends_on": [
                        "aws_alb.app_alb",
                        "aws_alb_target_group.app_alb_tg"
                    ],
                    "primary": {
                        "id": "arn:aws:elasticloadbalancing:us-east-1:139215403177:listener/app/Notejam-dev-ALB/e48243213cd24f51/e35afcac642c3379",
                        "attributes": {
                            "arn": "arn:aws:elasticloadbalancing:us-east-1:139215403177:listener/app/Notejam-dev-ALB/e48243213cd24f51/e35afcac642c3379",
                            "default_action.#": "1",
                            "default_action.0.target_group_arn": "arn:aws:elasticloadbalancing:us-east-1:139215403177:targetgroup/Notejam-dev-ALB-TG/d1ba2cea435ca445",
                            "default_action.0.type": "forward",
                            "id": "arn:aws:elasticloadbalancing:us-east-1:139215403177:listener/app/Notejam-dev-ALB/e48243213cd24f51/e35afcac642c3379",
                            "load_balancer_arn": "arn:aws:elasticloadbalancing:us-east-1:139215403177:loadbalancer/app/Notejam-dev-ALB/e48243213cd24f51",
                            "port": "80",
                            "protocol": "HTTP",
                            "ssl_policy": ""
                        },
                        "meta": {},
                        "tainted": false
                    },
                    "deposed": [],
                    "provider": "provider.aws"
                },
                "aws_alb_target_group.app_alb_tg": {
                    "type": "aws_alb_target_group",
                    "depends_on": [],
                    "primary": {
                        "id": "arn:aws:elasticloadbalancing:us-east-1:139215403177:targetgroup/Notejam-dev-ALB-TG/d1ba2cea435ca445",
                        "attributes": {
                            "arn": "arn:aws:elasticloadbalancing:us-east-1:139215403177:targetgroup/Notejam-dev-ALB-TG/d1ba2cea435ca445",
                            "arn_suffix": "targetgroup/Notejam-dev-ALB-TG/d1ba2cea435ca445",
                            "deregistration_delay": "300",
                            "health_check.#": "1",
                            "health_check.0.healthy_threshold": "2",
                            "health_check.0.interval": "5",
                            "health_check.0.matcher": "204",
                            "health_check.0.path": "/health-check",
                            "health_check.0.port": "traffic-port",
                            "health_check.0.protocol": "HTTP",
                            "health_check.0.timeout": "2",
                            "health_check.0.unhealthy_threshold": "2",
                            "id": "arn:aws:elasticloadbalancing:us-east-1:139215403177:targetgroup/Notejam-dev-ALB-TG/d1ba2cea435ca445",
                            "name": "Notejam-dev-ALB-TG",
                            "port": "80",
                            "protocol": "HTTP",
                            "stickiness.#": "1",
                            "stickiness.0.cookie_duration": "600",
                            "stickiness.0.enabled": "true",
                            "stickiness.0.type": "lb_cookie",
                            "tags.%": "0",
                            "target_type": "instance",
                            "vpc_id": "vpc-46d44f3d"
                        },
                        "meta": {},
                        "tainted": false
                    },
                    "deposed": [],
                    "provider": "provider.aws"
                },
                "aws_autoscaling_attachment.app_alb_webserver_asg": {
                    "type": "aws_autoscaling_attachment",
                    "depends_on": [
                        "aws_alb_target_group.app_alb_tg"
                    ],
                    "primary": {
                        "id": "dev-WebServers-ASG-20180408144901761400000001",
                        "attributes": {
                            "alb_target_group_arn": "arn:aws:elasticloadbalancing:us-east-1:139215403177:targetgroup/Notejam-dev-ALB-TG/d1ba2cea435ca445",
                            "autoscaling_group_name": "dev-WebServers-ASG",
                            "id": "dev-WebServers-ASG-20180408144901761400000001"
                        },
                        "meta": {},
                        "tainted": false
                    },
                    "deposed": [],
                    "provider": "provider.aws"
                }
            },
            "depends_on": []
        },
        {
            "path": [
                "root",
                "devEnvironment",
                "networking"
            ],
            "outputs": {
                "alb_sg_id": {
                    "sensitive": false,
                    "type": "string",
                    "value": "sg-59949f2f"
                },
                "bastion_sg_id": {
                    "sensitive": false,
                    "type": "string",
                    "value": "sg-24a9a252"
                },
                "bastion_subnet_ids": {
                    "sensitive": false,
                    "type": "list",
                    "value": [
                        "subnet-e23a3cbf",
                        "subnet-ff22399b"
                    ]
                },
                "efs_sg_id": {
                    "sensitive": false,
                    "type": "string",
                    "value": "sg-32f43b7b"
                },
                "rds_sg_id": {
                    "sensitive": false,
                    "type": "string",
                    "value": "sg-e95ba8a0"
                },
                "vpc_id": {
                    "sensitive": false,
                    "type": "string",
                    "value": "vpc-46d44f3d"
                },
                "webserver_sg_id": {
                    "sensitive": false,
                    "type": "string",
                    "value": "sg-069e9570"
                },
                "webserver_subnet_ids": {
                    "sensitive": false,
                    "type": "list",
                    "value": [
                        "subnet-f13137ac",
                        "subnet-f4d5ce90"
                    ]
                }
            },
            "resources": {
                "aws_default_route_table.default_route_table": {
                    "type": "aws_default_route_table",
                    "depends_on": [
                        "aws_vpc.vpc"
                    ],
                    "primary": {
                        "id": "rtb-7a62f306",
                        "attributes": {
                            "default_route_table_id": "rtb-7a62f306",
                            "id": "rtb-7a62f306",
                            "propagating_vgws.#": "0",
                            "route.#": "0",
                            "tags.%": "2",
                            "tags.Name": "dev-Default-RT",
                            "tags.env": "dev",
                            "vpc_id": "vpc-46d44f3d"
                        },
                        "meta": {},
                        "tainted": false
                    },
                    "deposed": [],
                    "provider": "provider.aws"
                },
                "aws_default_security_group.default_sg": {
                    "type": "aws_default_security_group",
                    "depends_on": [
                        "aws_vpc.vpc"
                    ],
                    "primary": {
                        "id": "sg-ee0f0798",
                        "attributes": {
                            "arn": "arn:aws:ec2:us-east-1:139215403177:security-group/sg-ee0f0798",
                            "egress.#": "1",
                            "egress.482069346.cidr_blocks.#": "1",
                            "egress.482069346.cidr_blocks.0": "0.0.0.0/0",
                            "egress.482069346.description": "",
                            "egress.482069346.from_port": "0",
                            "egress.482069346.ipv6_cidr_blocks.#": "0",
                            "egress.482069346.prefix_list_ids.#": "0",
                            "egress.482069346.protocol": "-1",
                            "egress.482069346.security_groups.#": "0",
                            "egress.482069346.self": "false",
                            "egress.482069346.to_port": "0",
                            "id": "sg-ee0f0798",
                            "ingress.#": "1",
                            "ingress.753360330.cidr_blocks.#": "0",
                            "ingress.753360330.description": "",
                            "ingress.753360330.from_port": "0",
                            "ingress.753360330.ipv6_cidr_blocks.#": "0",
                            "ingress.753360330.protocol": "-1",
                            "ingress.753360330.security_groups.#": "0",
                            "ingress.753360330.self": "true",
                            "ingress.753360330.to_port": "0",
                            "name": "default",
                            "owner_id": "139215403177",
                            "revoke_rules_on_delete": "false",
                            "tags.%": "1",
                            "tags.Name": "dev-Default-SG",
                            "vpc_id": "vpc-46d44f3d"
                        },
                        "meta": {
                            "e2bfb730-ecaa-11e6-8f88-34363bc7c4c0": {
                                "create": 600000000000,
                                "delete": 600000000000
                            },
                            "schema_version": "1"
                        },
                        "tainted": false
                    },
                    "deposed": [],
                    "provider": "provider.aws"
                },
                "aws_internet_gateway.igw": {
                    "type": "aws_internet_gateway",
                    "depends_on": [
                        "aws_vpc.vpc"
                    ],
                    "primary": {
                        "id": "igw-f387378b",
                        "attributes": {
                            "id": "igw-f387378b",
                            "tags.%": "2",
                            "tags.Name": "devIGW",
                            "tags.env": "dev",
                            "vpc_id": "vpc-46d44f3d"
                        },
                        "meta": {},
                        "tainted": false
                    },
                    "deposed": [],
                    "provider": "provider.aws"
                },
                "aws_route_table.dmz_route_table": {
                    "type": "aws_route_table",
                    "depends_on": [
                        "aws_internet_gateway.igw",
                        "aws_vpc.vpc"
                    ],
                    "primary": {
                        "id": "rtb-984ddce4",
                        "attributes": {
                            "id": "rtb-984ddce4",
                            "propagating_vgws.#": "0",
                            "route.#": "1",
                            "route.3294428917.cidr_block": "0.0.0.0/0",
                            "route.3294428917.egress_only_gateway_id": "",
                            "route.3294428917.gateway_id": "igw-f387378b",
                            "route.3294428917.instance_id": "",
                            "route.3294428917.ipv6_cidr_block": "",
                            "route.3294428917.nat_gateway_id": "",
                            "route.3294428917.network_interface_id": "",
                            "route.3294428917.vpc_peering_connection_id": "",
                            "tags.%": "1",
                            "tags.Name": "dev-DMZ-RT",
                            "vpc_id": "vpc-46d44f3d"
                        },
                        "meta": {},
                        "tainted": false
                    },
                    "deposed": [],
                    "provider": "provider.aws"
                },
                "aws_route_table_association.bastion_subnets_associations.0": {
                    "type": "aws_route_table_association",
                    "depends_on": [
                        "aws_route_table.dmz_route_table",
                        "aws_subnet.bastion_subnets.*"
                    ],
                    "primary": {
                        "id": "rtbassoc-ade82ad2",
                        "attributes": {
                            "id": "rtbassoc-ade82ad2",
                            "route_table_id": "rtb-984ddce4",
                            "subnet_id": "subnet-e23a3cbf"
                        },
                        "meta": {},
                        "tainted": false
                    },
                    "deposed": [],
                    "provider": "provider.aws"
                },
                "aws_route_table_association.bastion_subnets_associations.1": {
                    "type": "aws_route_table_association",
                    "depends_on": [
                        "aws_route_table.dmz_route_table",
                        "aws_subnet.bastion_subnets.*"
                    ],
                    "primary": {
                        "id": "rtbassoc-a2ed2fdd",
                        "attributes": {
                            "id": "rtbassoc-a2ed2fdd",
                            "route_table_id": "rtb-984ddce4",
                            "subnet_id": "subnet-ff22399b"
                        },
                        "meta": {},
                        "tainted": false
                    },
                    "deposed": [],
                    "provider": "provider.aws"
                },
                "aws_route_table_association.webserver_subnets_associations.0": {
                    "type": "aws_route_table_association",
                    "depends_on": [
                        "aws_route_table.dmz_route_table",
                        "aws_subnet.webserver_subnets.*"
                    ],
                    "primary": {
                        "id": "rtbassoc-6d458712",
                        "attributes": {
                            "id": "rtbassoc-6d458712",
                            "route_table_id": "rtb-984ddce4",
                            "subnet_id": "subnet-f13137ac"
                        },
                        "meta": {},
                        "tainted": false
                    },
                    "deposed": [],
                    "provider": "provider.aws"
                },
                "aws_route_table_association.webserver_subnets_associations.1": {
                    "type": "aws_route_table_association",
                    "depends_on": [
                        "aws_route_table.dmz_route_table",
                        "aws_subnet.webserver_subnets.*"
                    ],
                    "primary": {
                        "id": "rtbassoc-fc478583",
                        "attributes": {
                            "id": "rtbassoc-fc478583",
                            "route_table_id": "rtb-984ddce4",
                            "subnet_id": "subnet-f4d5ce90"
                        },
                        "meta": {},
                        "tainted": false
                    },
                    "deposed": [],
                    "provider": "provider.aws"
                },
                "aws_security_group.alb_sg": {
                    "type": "aws_security_group",
                    "depends_on": [],
                    "primary": {
                        "id": "sg-59949f2f",
                        "attributes": {
                            "arn": "arn:aws:ec2:us-east-1:139215403177:security-group/sg-59949f2f",
                            "description": "Application Load Balancers SG",
                            "egress.#": "1",
                            "egress.482069346.cidr_blocks.#": "1",
                            "egress.482069346.cidr_blocks.0": "0.0.0.0/0",
                            "egress.482069346.description": "",
                            "egress.482069346.from_port": "0",
                            "egress.482069346.ipv6_cidr_blocks.#": "0",
                            "egress.482069346.prefix_list_ids.#": "0",
                            "egress.482069346.protocol": "-1",
                            "egress.482069346.security_groups.#": "0",
                            "egress.482069346.self": "false",
                            "egress.482069346.to_port": "0",
                            "id": "sg-59949f2f",
                            "ingress.#": "2",
                            "ingress.2214680975.cidr_blocks.#": "1",
                            "ingress.2214680975.cidr_blocks.0": "0.0.0.0/0",
                            "ingress.2214680975.description": "",
                            "ingress.2214680975.from_port": "80",
                            "ingress.2214680975.ipv6_cidr_blocks.#": "0",
                            "ingress.2214680975.protocol": "tcp",
                            "ingress.2214680975.security_groups.#": "0",
                            "ingress.2214680975.self": "false",
                            "ingress.2214680975.to_port": "80",
                            "ingress.2617001939.cidr_blocks.#": "1",
                            "ingress.2617001939.cidr_blocks.0": "0.0.0.0/0",
                            "ingress.2617001939.description": "",
                            "ingress.2617001939.from_port": "443",
                            "ingress.2617001939.ipv6_cidr_blocks.#": "0",
                            "ingress.2617001939.protocol": "tcp",
                            "ingress.2617001939.security_groups.#": "0",
                            "ingress.2617001939.self": "false",
                            "ingress.2617001939.to_port": "443",
                            "name": "dev-ALB-SG",
                            "owner_id": "139215403177",
                            "revoke_rules_on_delete": "false",
                            "tags.%": "1",
                            "tags.Name": "dev-ALB-SG",
                            "vpc_id": "vpc-46d44f3d"
                        },
                        "meta": {
                            "e2bfb730-ecaa-11e6-8f88-34363bc7c4c0": {
                                "create": 600000000000,
                                "delete": 600000000000
                            },
                            "schema_version": "1"
                        },
                        "tainted": false
                    },
                    "deposed": [],
                    "provider": "provider.aws"
                },
                "aws_security_group.bastion_sg": {
                    "type": "aws_security_group",
                    "depends_on": [],
                    "primary": {
                        "id": "sg-24a9a252",
                        "attributes": {
                            "arn": "arn:aws:ec2:us-east-1:139215403177:security-group/sg-24a9a252",
                            "description": "Bastion Hosts SG",
                            "egress.#": "1",
                            "egress.482069346.cidr_blocks.#": "1",
                            "egress.482069346.cidr_blocks.0": "0.0.0.0/0",
                            "egress.482069346.description": "",
                            "egress.482069346.from_port": "0",
                            "egress.482069346.ipv6_cidr_blocks.#": "0",
                            "egress.482069346.prefix_list_ids.#": "0",
                            "egress.482069346.protocol": "-1",
                            "egress.482069346.security_groups.#": "0",
                            "egress.482069346.self": "false",
                            "egress.482069346.to_port": "0",
                            "id": "sg-24a9a252",
                            "ingress.#": "1",
                            "ingress.2541437006.cidr_blocks.#": "1",
                            "ingress.2541437006.cidr_blocks.0": "0.0.0.0/0",
                            "ingress.2541437006.description": "",
                            "ingress.2541437006.from_port": "22",
                            "ingress.2541437006.ipv6_cidr_blocks.#": "0",
                            "ingress.2541437006.protocol": "tcp",
                            "ingress.2541437006.security_groups.#": "0",
                            "ingress.2541437006.self": "false",
                            "ingress.2541437006.to_port": "22",
                            "name": "dev-Bastion-SG",
                            "owner_id": "139215403177",
                            "revoke_rules_on_delete": "false",
                            "tags.%": "1",
                            "tags.Name": "dev-Bastion-SG",
                            "vpc_id": "vpc-46d44f3d"
                        },
                        "meta": {
                            "e2bfb730-ecaa-11e6-8f88-34363bc7c4c0": {
                                "create": 600000000000,
                                "delete": 600000000000
                            },
                            "schema_version": "1"
                        },
                        "tainted": false
                    },
                    "deposed": [],
                    "provider": "provider.aws"
                },
                "aws_security_group.efs_sg": {
                    "type": "aws_security_group",
                    "depends_on": [
                        "aws_security_group.webserver_sg",
                        "aws_vpc.vpc"
                    ],
                    "primary": {
                        "id": "sg-32f43b7b",
                        "attributes": {
                            "arn": "arn:aws:ec2:us-east-1:139215403177:security-group/sg-32f43b7b",
                            "description": "EFS SG",
                            "egress.#": "1",
                            "egress.482069346.cidr_blocks.#": "1",
                            "egress.482069346.cidr_blocks.0": "0.0.0.0/0",
                            "egress.482069346.description": "",
                            "egress.482069346.from_port": "0",
                            "egress.482069346.ipv6_cidr_blocks.#": "0",
                            "egress.482069346.prefix_list_ids.#": "0",
                            "egress.482069346.protocol": "-1",
                            "egress.482069346.security_groups.#": "0",
                            "egress.482069346.self": "false",
                            "egress.482069346.to_port": "0",
                            "id": "sg-32f43b7b",
                            "ingress.#": "1",
                            "ingress.621681662.cidr_blocks.#": "0",
                            "ingress.621681662.description": "Web Servers access to EFS",
                            "ingress.621681662.from_port": "2049",
                            "ingress.621681662.ipv6_cidr_blocks.#": "0",
                            "ingress.621681662.protocol": "tcp",
                            "ingress.621681662.security_groups.#": "1",
                            "ingress.621681662.security_groups.1766232678": "sg-069e9570",
                            "ingress.621681662.self": "false",
                            "ingress.621681662.to_port": "2049",
                            "name": "dev-EFS-SG",
                            "owner_id": "139215403177",
                            "revoke_rules_on_delete": "false",
                            "tags.%": "1",
                            "tags.Name": "dev-EFS-SG",
                            "vpc_id": "vpc-46d44f3d"
                        },
                        "meta": {
                            "e2bfb730-ecaa-11e6-8f88-34363bc7c4c0": {
                                "create": 600000000000,
                                "delete": 600000000000
                            },
                            "schema_version": "1"
                        },
                        "tainted": false
                    },
                    "deposed": [],
                    "provider": "provider.aws"
                },
                "aws_security_group.rds_sg": {
                    "type": "aws_security_group",
                    "depends_on": [
                        "aws_security_group.webserver_sg",
                        "aws_vpc.vpc"
                    ],
                    "primary": {
                        "id": "sg-e95ba8a0",
                        "attributes": {
                            "arn": "arn:aws:ec2:us-east-1:139215403177:security-group/sg-e95ba8a0",
                            "description": "RDS SG",
                            "egress.#": "1",
                            "egress.482069346.cidr_blocks.#": "1",
                            "egress.482069346.cidr_blocks.0": "0.0.0.0/0",
                            "egress.482069346.description": "",
                            "egress.482069346.from_port": "0",
                            "egress.482069346.ipv6_cidr_blocks.#": "0",
                            "egress.482069346.prefix_list_ids.#": "0",
                            "egress.482069346.protocol": "-1",
                            "egress.482069346.security_groups.#": "0",
                            "egress.482069346.self": "false",
                            "egress.482069346.to_port": "0",
                            "id": "sg-e95ba8a0",
                            "ingress.#": "1",
                            "ingress.1359084711.cidr_blocks.#": "0",
                            "ingress.1359084711.description": "Web Servers access to RDS",
                            "ingress.1359084711.from_port": "3306",
                            "ingress.1359084711.ipv6_cidr_blocks.#": "0",
                            "ingress.1359084711.protocol": "tcp",
                            "ingress.1359084711.security_groups.#": "1",
                            "ingress.1359084711.security_groups.1766232678": "sg-069e9570",
                            "ingress.1359084711.self": "false",
                            "ingress.1359084711.to_port": "3306",
                            "name": "dev-RDS-SG",
                            "owner_id": "139215403177",
                            "revoke_rules_on_delete": "false",
                            "tags.%": "1",
                            "tags.Name": "dev-RDS-SG",
                            "vpc_id": "vpc-46d44f3d"
                        },
                        "meta": {
                            "e2bfb730-ecaa-11e6-8f88-34363bc7c4c0": {
                                "create": 600000000000,
                                "delete": 600000000000
                            },
                            "schema_version": "1"
                        },
                        "tainted": false
                    },
                    "deposed": [],
                    "provider": "provider.aws"
                },
                "aws_security_group.webserver_sg": {
                    "type": "aws_security_group",
                    "depends_on": [],
                    "primary": {
                        "id": "sg-069e9570",
                        "attributes": {
                            "arn": "arn:aws:ec2:us-east-1:139215403177:security-group/sg-069e9570",
                            "description": "Web Servers SG",
                            "egress.#": "1",
                            "egress.482069346.cidr_blocks.#": "1",
                            "egress.482069346.cidr_blocks.0": "0.0.0.0/0",
                            "egress.482069346.description": "",
                            "egress.482069346.from_port": "0",
                            "egress.482069346.ipv6_cidr_blocks.#": "0",
                            "egress.482069346.prefix_list_ids.#": "0",
                            "egress.482069346.protocol": "-1",
                            "egress.482069346.security_groups.#": "0",
                            "egress.482069346.self": "false",
                            "egress.482069346.to_port": "0",
                            "id": "sg-069e9570",
                            "ingress.#": "5",
                            "ingress.1395319370.cidr_blocks.#": "0",
                            "ingress.1395319370.description": "",
                            "ingress.1395319370.from_port": "443",
                            "ingress.1395319370.ipv6_cidr_blocks.#": "0",
                            "ingress.1395319370.protocol": "tcp",
                            "ingress.1395319370.security_groups.#": "1",
                            "ingress.1395319370.security_groups.1125686013": "sg-59949f2f",
                            "ingress.1395319370.self": "false",
                            "ingress.1395319370.to_port": "443",
                            "ingress.2214680975.cidr_blocks.#": "1",
                            "ingress.2214680975.cidr_blocks.0": "0.0.0.0/0",
                            "ingress.2214680975.description": "",
                            "ingress.2214680975.from_port": "80",
                            "ingress.2214680975.ipv6_cidr_blocks.#": "0",
                            "ingress.2214680975.protocol": "tcp",
                            "ingress.2214680975.security_groups.#": "0",
                            "ingress.2214680975.self": "false",
                            "ingress.2214680975.to_port": "80",
                            "ingress.2617001939.cidr_blocks.#": "1",
                            "ingress.2617001939.cidr_blocks.0": "0.0.0.0/0",
                            "ingress.2617001939.description": "",
                            "ingress.2617001939.from_port": "443",
                            "ingress.2617001939.ipv6_cidr_blocks.#": "0",
                            "ingress.2617001939.protocol": "tcp",
                            "ingress.2617001939.security_groups.#": "0",
                            "ingress.2617001939.self": "false",
                            "ingress.2617001939.to_port": "443",
                            "ingress.3207320204.cidr_blocks.#": "0",
                            "ingress.3207320204.description": "",
                            "ingress.3207320204.from_port": "80",
                            "ingress.3207320204.ipv6_cidr_blocks.#": "0",
                            "ingress.3207320204.protocol": "tcp",
                            "ingress.3207320204.security_groups.#": "1",
                            "ingress.3207320204.security_groups.1125686013": "sg-59949f2f",
                            "ingress.3207320204.self": "false",
                            "ingress.3207320204.to_port": "80",
                            "ingress.3455439109.cidr_blocks.#": "0",
                            "ingress.3455439109.description": "",
                            "ingress.3455439109.from_port": "22",
                            "ingress.3455439109.ipv6_cidr_blocks.#": "0",
                            "ingress.3455439109.protocol": "tcp",
                            "ingress.3455439109.security_groups.#": "1",
                            "ingress.3455439109.security_groups.1980505604": "sg-24a9a252",
                            "ingress.3455439109.self": "false",
                            "ingress.3455439109.to_port": "22",
                            "name": "dev-WebServer-SG",
                            "owner_id": "139215403177",
                            "revoke_rules_on_delete": "false",
                            "tags.%": "1",
                            "tags.Name": "dev-WebServer-SG",
                            "vpc_id": "vpc-46d44f3d"
                        },
                        "meta": {
                            "e2bfb730-ecaa-11e6-8f88-34363bc7c4c0": {
                                "create": 600000000000,
                                "delete": 600000000000
                            },
                            "schema_version": "1"
                        },
                        "tainted": false
                    },
                    "deposed": [],
                    "provider": "provider.aws"
                },
                "aws_subnet.bastion_subnets.0": {
                    "type": "aws_subnet",
                    "depends_on": [
                        "aws_vpc.vpc",
                        "data.aws_availability_zones.all"
                    ],
                    "primary": {
                        "id": "subnet-e23a3cbf",
                        "attributes": {
                            "assign_ipv6_address_on_creation": "false",
                            "availability_zone": "us-east-1a",
                            "cidr_block": "172.16.255.0/28",
                            "id": "subnet-e23a3cbf",
                            "map_public_ip_on_launch": "false",
                            "tags.%": "2",
                            "tags.Name": "dev-bastion-1",
                            "tags.env": "dev",
                            "vpc_id": "vpc-46d44f3d"
                        },
                        "meta": {
                            "schema_version": "1"
                        },
                        "tainted": false
                    },
                    "deposed": [],
                    "provider": "provider.aws"
                },
                "aws_subnet.bastion_subnets.1": {
                    "type": "aws_subnet",
                    "depends_on": [
                        "aws_vpc.vpc",
                        "data.aws_availability_zones.all"
                    ],
                    "primary": {
                        "id": "subnet-ff22399b",
                        "attributes": {
                            "assign_ipv6_address_on_creation": "false",
                            "availability_zone": "us-east-1b",
                            "cidr_block": "172.16.255.16/28",
                            "id": "subnet-ff22399b",
                            "map_public_ip_on_launch": "false",
                            "tags.%": "2",
                            "tags.Name": "dev-bastion-2",
                            "tags.env": "dev",
                            "vpc_id": "vpc-46d44f3d"
                        },
                        "meta": {
                            "schema_version": "1"
                        },
                        "tainted": false
                    },
                    "deposed": [],
                    "provider": "provider.aws"
                },
                "aws_subnet.webserver_subnets.0": {
                    "type": "aws_subnet",
                    "depends_on": [
                        "aws_vpc.vpc",
                        "data.aws_availability_zones.all"
                    ],
                    "primary": {
                        "id": "subnet-f13137ac",
                        "attributes": {
                            "assign_ipv6_address_on_creation": "false",
                            "availability_zone": "us-east-1a",
                            "cidr_block": "172.16.0.0/24",
                            "id": "subnet-f13137ac",
                            "map_public_ip_on_launch": "false",
                            "tags.%": "2",
                            "tags.Name": "dev-webapp-1",
                            "tags.env": "dev",
                            "vpc_id": "vpc-46d44f3d"
                        },
                        "meta": {
                            "schema_version": "1"
                        },
                        "tainted": false
                    },
                    "deposed": [],
                    "provider": "provider.aws"
                },
                "aws_subnet.webserver_subnets.1": {
                    "type": "aws_subnet",
                    "depends_on": [
                        "aws_vpc.vpc",
                        "data.aws_availability_zones.all"
                    ],
                    "primary": {
                        "id": "subnet-f4d5ce90",
                        "attributes": {
                            "assign_ipv6_address_on_creation": "false",
                            "availability_zone": "us-east-1b",
                            "cidr_block": "172.16.1.0/24",
                            "id": "subnet-f4d5ce90",
                            "map_public_ip_on_launch": "false",
                            "tags.%": "2",
                            "tags.Name": "dev-webapp-2",
                            "tags.env": "dev",
                            "vpc_id": "vpc-46d44f3d"
                        },
                        "meta": {
                            "schema_version": "1"
                        },
                        "tainted": false
                    },
                    "deposed": [],
                    "provider": "provider.aws"
                },
                "aws_vpc.vpc": {
                    "type": "aws_vpc",
                    "depends_on": [],
                    "primary": {
                        "id": "vpc-46d44f3d",
                        "attributes": {
                            "assign_generated_ipv6_cidr_block": "false",
                            "cidr_block": "172.16.0.0/16",
                            "default_network_acl_id": "acl-b4ac5cce",
                            "default_route_table_id": "rtb-7a62f306",
                            "default_security_group_id": "sg-ee0f0798",
                            "dhcp_options_id": "dopt-476f213e",
                            "enable_classiclink": "false",
                            "enable_classiclink_dns_support": "false",
                            "enable_dns_hostnames": "true",
                            "enable_dns_support": "true",
                            "id": "vpc-46d44f3d",
                            "instance_tenancy": "default",
                            "main_route_table_id": "rtb-7a62f306",
                            "tags.%": "2",
                            "tags.Name": "devVPC",
                            "tags.env": "dev"
                        },
                        "meta": {
                            "schema_version": "1"
                        },
                        "tainted": false
                    },
                    "deposed": [],
                    "provider": "provider.aws"
                },
                "data.aws_availability_zones.all": {
                    "type": "aws_availability_zones",
                    "depends_on": [],
                    "primary": {
                        "id": "2018-04-09 17:18:03.044660171 +0000 UTC",
                        "attributes": {
                            "id": "2018-04-09 17:18:03.044660171 +0000 UTC",
                            "names.#": "6",
                            "names.0": "us-east-1a",
                            "names.1": "us-east-1b",
                            "names.2": "us-east-1c",
                            "names.3": "us-east-1d",
                            "names.4": "us-east-1e",
                            "names.5": "us-east-1f"
                        },
                        "meta": {},
                        "tainted": false
                    },
                    "deposed": [],
                    "provider": "provider.aws"
                }
            },
            "depends_on": []
        },
        {
            "path": [
                "root",
                "global",
                "codedeploy"
            ],
            "outputs": {
                "codedeploy_bucket": {
                    "sensitive": false,
                    "type": "string",
                    "value": "toptal.devops.codedeploy"
                },
                "codedeploy_role_arn": {
                    "sensitive": false,
                    "type": "string",
                    "value": "arn:aws:iam::139215403177:role/ToptalDevOpsCodeDeployServiceRole"
                }
            },
            "resources": {
                "aws_codedeploy_app.app": {
                    "type": "aws_codedeploy_app",
                    "depends_on": [],
                    "primary": {
                        "id": "1fe117a6-2b23-45c5-86f8-3b4b3011d658:ToptalDevOpsScreening.Notejam",
                        "attributes": {
                            "id": "1fe117a6-2b23-45c5-86f8-3b4b3011d658:ToptalDevOpsScreening.Notejam",
                            "name": "ToptalDevOpsScreening.Notejam"
                        },
                        "meta": {},
                        "tainted": false
                    },
                    "deposed": [],
                    "provider": "provider.aws"
                },
                "aws_iam_policy.s3_codedeploy_bucket_full_access": {
                    "type": "aws_iam_policy",
                    "depends_on": [
                        "aws_s3_bucket.codedeploy_bucket"
                    ],
                    "primary": {
                        "id": "arn:aws:iam::139215403177:policy/ToptalDevOpsS3CodeDeployBucketFullAccessPolicy",
                        "attributes": {
                            "arn": "arn:aws:iam::139215403177:policy/ToptalDevOpsS3CodeDeployBucketFullAccessPolicy",
                            "description": "Access policy allowing CodeDeploy CI user full access to CodeDeploy S3 bucket",
                            "id": "arn:aws:iam::139215403177:policy/ToptalDevOpsS3CodeDeployBucketFullAccessPolicy",
                            "name": "ToptalDevOpsS3CodeDeployBucketFullAccessPolicy",
                            "path": "/",
                            "policy": "{\n  \"Version\": \"2012-10-17\",\n  \"Statement\": [\n    {\n      \"Effect\": \"Allow\",\n      \"Action\": \"s3:*\",\n      \"Resource\": [\n        \"arn:aws:s3:::toptal.devops.codedeploy\",\n        \"arn:aws:s3:::toptal.devops.codedeploy/*\"\n      ]\n    }\n  ]\n}\n"
                        },
                        "meta": {},
                        "tainted": false
                    },
                    "deposed": [],
                    "provider": "provider.aws"
                },
                "aws_iam_role.codedeploy_service_role": {
                    "type": "aws_iam_role",
                    "depends_on": [],
                    "primary": {
                        "id": "ToptalDevOpsCodeDeployServiceRole",
                        "attributes": {
                            "arn": "arn:aws:iam::139215403177:role/ToptalDevOpsCodeDeployServiceRole",
                            "assume_role_policy": "{\"Version\":\"2012-10-17\",\"Statement\":[{\"Sid\":\"\",\"Effect\":\"Allow\",\"Principal\":{\"Service\":\"codedeploy.amazonaws.com\"},\"Action\":\"sts:AssumeRole\"}]}",
                            "create_date": "2018-04-01T22:35:06Z",
                            "description": "A service role used by the AWS CodeDeploy service to orchestrate the deployment.",
                            "force_detach_policies": "false",
                            "id": "ToptalDevOpsCodeDeployServiceRole",
                            "name": "ToptalDevOpsCodeDeployServiceRole",
                            "path": "/",
                            "unique_id": "AROAJM72AW3K4AWP5TYCQ"
                        },
                        "meta": {},
                        "tainted": false
                    },
                    "deposed": [],
                    "provider": "provider.aws"
                },
                "aws_iam_role_policy_attachment.codedeploy_service_role": {
                    "type": "aws_iam_role_policy_attachment",
                    "depends_on": [
                        "aws_iam_role.codedeploy_service_role",
                        "data.aws_iam_policy.aws_code_deploy_role"
                    ],
                    "primary": {
                        "id": "ToptalDevOpsCodeDeployServiceRole-20180401223507439600000001",
                        "attributes": {
                            "id": "ToptalDevOpsCodeDeployServiceRole-20180401223507439600000001",
                            "policy_arn": "arn:aws:iam::aws:policy/service-role/AWSCodeDeployRole",
                            "role": "ToptalDevOpsCodeDeployServiceRole"
                        },
                        "meta": {},
                        "tainted": false
                    },
                    "deposed": [],
                    "provider": "provider.aws"
                },
                "aws_iam_user.toptaldevops_codedeploy": {
                    "type": "aws_iam_user",
                    "depends_on": [],
                    "primary": {
                        "id": "ToptalDevOpsCodeDeploy",
                        "attributes": {
                            "arn": "arn:aws:iam::139215403177:user/ToptalDevOpsCodeDeploy",
                            "force_destroy": "false",
                            "id": "ToptalDevOpsCodeDeploy",
                            "name": "ToptalDevOpsCodeDeploy",
                            "path": "/",
                            "unique_id": "AIDAJREWXI42U7L3OJKME"
                        },
                        "meta": {},
                        "tainted": false
                    },
                    "deposed": [],
                    "provider": "provider.aws"
                },
                "aws_iam_user_policy_attachment.toptaldevops_codedeploy_aws_code_deploy_full_access": {
                    "type": "aws_iam_user_policy_attachment",
                    "depends_on": [
                        "aws_iam_user.toptaldevops_codedeploy",
                        "data.aws_iam_policy.aws_code_deploy_full_access"
                    ],
                    "primary": {
                        "id": "ToptalDevOpsCodeDeploy-20180401223323222300000002",
                        "attributes": {
                            "id": "ToptalDevOpsCodeDeploy-20180401223323222300000002",
                            "policy_arn": "arn:aws:iam::aws:policy/AWSCodeDeployFullAccess",
                            "user": "ToptalDevOpsCodeDeploy"
                        },
                        "meta": {},
                        "tainted": false
                    },
                    "deposed": [],
                    "provider": "provider.aws"
                },
                "aws_iam_user_policy_attachment.toptaldevops_codedeploy_s3_codedeploy_bucket_full_access": {
                    "type": "aws_iam_user_policy_attachment",
                    "depends_on": [
                        "aws_iam_policy.s3_codedeploy_bucket_full_access",
                        "aws_iam_user.toptaldevops_codedeploy"
                    ],
                    "primary": {
                        "id": "ToptalDevOpsCodeDeploy-20180401223612427800000001",
                        "attributes": {
                            "id": "ToptalDevOpsCodeDeploy-20180401223612427800000001",
                            "policy_arn": "arn:aws:iam::139215403177:policy/ToptalDevOpsS3CodeDeployBucketFullAccessPolicy",
                            "user": "ToptalDevOpsCodeDeploy"
                        },
                        "meta": {},
                        "tainted": false
                    },
                    "deposed": [],
                    "provider": "provider.aws"
                },
                "aws_s3_bucket.codedeploy_bucket": {
                    "type": "aws_s3_bucket",
                    "depends_on": [],
                    "primary": {
                        "id": "toptal.devops.codedeploy",
                        "attributes": {
                            "acceleration_status": "",
                            "acl": "private",
                            "arn": "arn:aws:s3:::toptal.devops.codedeploy",
                            "bucket": "toptal.devops.codedeploy",
                            "bucket_domain_name": "toptal.devops.codedeploy.s3.amazonaws.com",
                            "force_destroy": "false",
                            "hosted_zone_id": "Z3AQBSTGFYJSTF",
                            "id": "toptal.devops.codedeploy",
                            "logging.#": "0",
                            "region": "us-east-1",
                            "replication_configuration.#": "0",
                            "request_payer": "BucketOwner",
                            "server_side_encryption_configuration.#": "0",
                            "tags.%": "2",
                            "tags.Name": "ToptalDevops.CodeDeploy",
                            "tags.env": "global",
                            "versioning.#": "1",
                            "versioning.0.enabled": "false",
                            "versioning.0.mfa_delete": "false",
                            "website.#": "0"
                        },
                        "meta": {},
                        "tainted": false
                    },
                    "deposed": [],
                    "provider": "provider.aws"
                },
                "data.aws_iam_policy.aws_code_deploy_full_access": {
                    "type": "aws_iam_policy",
                    "depends_on": [],
                    "primary": {
                        "id": "arn:aws:iam::aws:policy/AWSCodeDeployFullAccess",
                        "attributes": {
                            "arn": "arn:aws:iam::aws:policy/AWSCodeDeployFullAccess",
                            "description": "Provides full access to CodeDeploy resources.",
                            "id": "arn:aws:iam::aws:policy/AWSCodeDeployFullAccess",
                            "name": "AWSCodeDeployFullAccess",
                            "path": "/",
                            "policy": "{\n  \"Version\": \"2012-10-17\",\n  \"Statement\": [\n    {\n      \"Action\": \"codedeploy:*\",\n      \"Effect\": \"Allow\",\n      \"Resource\": \"*\"\n    }\n  ]\n}"
                        },
                        "meta": {},
                        "tainted": false
                    },
                    "deposed": [],
                    "provider": "provider.aws"
                },
                "data.aws_iam_policy.aws_code_deploy_role": {
                    "type": "aws_iam_policy",
                    "depends_on": [],
                    "primary": {
                        "id": "arn:aws:iam::aws:policy/service-role/AWSCodeDeployRole",
                        "attributes": {
                            "arn": "arn:aws:iam::aws:policy/service-role/AWSCodeDeployRole",
                            "description": "Provides CodeDeploy service access to expand tags and interact with Auto Scaling on your behalf.",
                            "id": "arn:aws:iam::aws:policy/service-role/AWSCodeDeployRole",
                            "name": "AWSCodeDeployRole",
                            "path": "/service-role/",
                            "policy": "{\n  \"Version\": \"2012-10-17\",\n  \"Statement\": [\n    {\n      \"Effect\": \"Allow\",\n      \"Action\": [\n        \"autoscaling:CompleteLifecycleAction\",\n        \"autoscaling:DeleteLifecycleHook\",\n        \"autoscaling:DescribeAutoScalingGroups\",\n        \"autoscaling:DescribeLifecycleHooks\",\n        \"autoscaling:PutLifecycleHook\",\n        \"autoscaling:RecordLifecycleActionHeartbeat\",\n        \"autoscaling:CreateAutoScalingGroup\",\n        \"autoscaling:UpdateAutoScalingGroup\",\n        \"autoscaling:EnableMetricsCollection\",\n        \"autoscaling:DescribeAutoScalingGroups\",\n        \"autoscaling:DescribePolicies\",\n        \"autoscaling:DescribeScheduledActions\",\n        \"autoscaling:DescribeNotificationConfigurations\",\n        \"autoscaling:DescribeLifecycleHooks\",\n        \"autoscaling:SuspendProcesses\",\n        \"autoscaling:ResumeProcesses\",\n        \"autoscaling:AttachLoadBalancers\",\n        \"autoscaling:PutScalingPolicy\",\n        \"autoscaling:PutScheduledUpdateGroupAction\",\n        \"autoscaling:PutNotificationConfiguration\",\n        \"autoscaling:PutLifecycleHook\",\n        \"autoscaling:DescribeScalingActivities\",\n        \"autoscaling:DeleteAutoScalingGroup\",\n        \"ec2:DescribeInstances\",\n        \"ec2:DescribeInstanceStatus\",\n        \"ec2:TerminateInstances\",\n        \"tag:GetTags\",\n        \"tag:GetResources\",\n        \"sns:Publish\",\n        \"cloudwatch:DescribeAlarms\",\n        \"cloudwatch:PutMetricAlarm\",\n        \"elasticloadbalancing:DescribeLoadBalancers\",\n        \"elasticloadbalancing:DescribeInstanceHealth\",\n        \"elasticloadbalancing:RegisterInstancesWithLoadBalancer\",\n        \"elasticloadbalancing:DeregisterInstancesFromLoadBalancer\",\n        \"elasticloadbalancing:DescribeTargetGroups\",\n        \"elasticloadbalancing:DescribeTargetHealth\",\n        \"elasticloadbalancing:RegisterTargets\",\n        \"elasticloadbalancing:DeregisterTargets\"\n      ],\n      \"Resource\": \"*\"\n    }\n  ]\n}\n"
                        },
                        "meta": {},
                        "tainted": false
                    },
                    "deposed": [],
                    "provider": "provider.aws"
                }
            },
            "depends_on": []
        },
        {
            "path": [
                "root",
                "global",
                "iam_webserver"
            ],
            "outputs": {
                "webserver_iam_profile": {
                    "sensitive": false,
                    "type": "string",
                    "value": "ToptalDevOpsWebServerProfile"
                }
            },
            "resources": {
                "aws_iam_instance_profile.webserver": {
                    "type": "aws_iam_instance_profile",
                    "depends_on": [
                        "aws_iam_role.webserver"
                    ],
                    "primary": {
                        "id": "ToptalDevOpsWebServerProfile",
                        "attributes": {
                            "arn": "arn:aws:iam::139215403177:instance-profile/ToptalDevOpsWebServerProfile",
                            "id": "ToptalDevOpsWebServerProfile",
                            "name": "ToptalDevOpsWebServerProfile",
                            "path": "/",
                            "role": "ToptalDevOpsWebServerRole",
                            "roles.#": "1",
                            "roles.3418725995": "ToptalDevOpsWebServerRole",
                            "unique_id": "AIPAJK3GAE6LYJD5R3NTS"
                        },
                        "meta": {},
                        "tainted": false
                    },
                    "deposed": [],
                    "provider": "provider.aws"
                },
                "aws_iam_policy.toptaldevops_app_backup_s3_full_access": {
                    "type": "aws_iam_policy",
                    "depends_on": [],
                    "primary": {
                        "id": "arn:aws:iam::139215403177:policy/ToptalDevOpsAppBackupS3FullAccessPolicy",
                        "attributes": {
                            "arn": "arn:aws:iam::139215403177:policy/ToptalDevOpsAppBackupS3FullAccessPolicy",
                            "description": "Access policy allowing EC2 instances full access to the app backup S3 bucket",
                            "id": "arn:aws:iam::139215403177:policy/ToptalDevOpsAppBackupS3FullAccessPolicy",
                            "name": "ToptalDevOpsAppBackupS3FullAccessPolicy",
                            "path": "/",
                            "policy": "{\n  \"Version\": \"2012-10-17\",\n  \"Statement\": [\n    {\n      \"Effect\": \"Allow\",\n      \"Action\": \"s3:*\",\n      \"Resource\": [\n        \"arn:aws:s3:::topal.devops.notejam.backup\",\n        \"arn:aws:s3:::topal.devops.notejam.backup/*\"\n      ]\n    }\n  ]\n}\n"
                        },
                        "meta": {},
                        "tainted": false
                    },
                    "deposed": [],
                    "provider": "provider.aws"
                },
                "aws_iam_policy.toptaldevops_codedeploy_s3_read_access": {
                    "type": "aws_iam_policy",
                    "depends_on": [],
                    "primary": {
                        "id": "arn:aws:iam::139215403177:policy/ToptalDevOpsCodeDeployAgentS3ReadAccessPolicy",
                        "attributes": {
                            "arn": "arn:aws:iam::139215403177:policy/ToptalDevOpsCodeDeployAgentS3ReadAccessPolicy",
                            "description": "Access policy allowing EC2 instances CodeDeploy agent to fetch app code bundle from S3",
                            "id": "arn:aws:iam::139215403177:policy/ToptalDevOpsCodeDeployAgentS3ReadAccessPolicy",
                            "name": "ToptalDevOpsCodeDeployAgentS3ReadAccessPolicy",
                            "path": "/",
                            "policy": "{\n  \"Version\": \"2012-10-17\",\n  \"Statement\": [\n    {\n      \"Effect\": \"Allow\",\n      \"Action\": \"s3:Get*\",\n      \"Resource\": [\n        \"arn:aws:s3:::toptal.devops.codedeploy\",\n        \"arn:aws:s3:::toptal.devops.codedeploy/*\"\n      ]\n    },\n    {\n      \"Effect\": \"Allow\",\n      \"Action\": \"s3:List*\",\n      \"Resource\": [\n        \"arn:aws:s3:::toptal.devops.codedeploy\",\n        \"arn:aws:s3:::toptal.devops.codedeploy/*\"\n      ]\n    }\n  ]\n}\n"
                        },
                        "meta": {},
                        "tainted": false
                    },
                    "deposed": [],
                    "provider": "provider.aws"
                },
                "aws_iam_role.webserver": {
                    "type": "aws_iam_role",
                    "depends_on": [],
                    "primary": {
                        "id": "ToptalDevOpsWebServerRole",
                        "attributes": {
                            "arn": "arn:aws:iam::139215403177:role/ToptalDevOpsWebServerRole",
                            "assume_role_policy": "{\"Version\":\"2012-10-17\",\"Statement\":[{\"Sid\":\"\",\"Effect\":\"Allow\",\"Principal\":{\"Service\":\"ec2.amazonaws.com\"},\"Action\":\"sts:AssumeRole\"}]}",
                            "create_date": "2018-04-02T10:03:57Z",
                            "description": "Web Server EC2 role allowing use of S3 for CodeDeploy and other required resources",
                            "force_detach_policies": "false",
                            "id": "ToptalDevOpsWebServerRole",
                            "name": "ToptalDevOpsWebServerRole",
                            "path": "/",
                            "unique_id": "AROAJ6ERYZNWTUZZXBWKQ"
                        },
                        "meta": {},
                        "tainted": false
                    },
                    "deposed": [],
                    "provider": "provider.aws"
                },
                "aws_iam_role_policy_attachment.toptaldevops_app_backup_s3_full_access": {
                    "type": "aws_iam_role_policy_attachment",
                    "depends_on": [
                        "aws_iam_policy.toptaldevops_app_backup_s3_full_access",
                        "aws_iam_role.webserver"
                    ],
                    "primary": {
                        "id": "ToptalDevOpsWebServerRole-20180402100358427800000002",
                        "attributes": {
                            "id": "ToptalDevOpsWebServerRole-20180402100358427800000002",
                            "policy_arn": "arn:aws:iam::139215403177:policy/ToptalDevOpsAppBackupS3FullAccessPolicy",
                            "role": "ToptalDevOpsWebServerRole"
                        },
                        "meta": {},
                        "tainted": false
                    },
                    "deposed": [],
                    "provider": "provider.aws"
                },
                "aws_iam_role_policy_attachment.webserver_codedeploy_s3_read_access_policy": {
                    "type": "aws_iam_role_policy_attachment",
                    "depends_on": [
                        "aws_iam_policy.toptaldevops_codedeploy_s3_read_access",
                        "aws_iam_role.webserver"
                    ],
                    "primary": {
                        "id": "ToptalDevOpsWebServerRole-20180402100358426300000001",
                        "attributes": {
                            "id": "ToptalDevOpsWebServerRole-20180402100358426300000001",
                            "policy_arn": "arn:aws:iam::139215403177:policy/ToptalDevOpsCodeDeployAgentS3ReadAccessPolicy",
                            "role": "ToptalDevOpsWebServerRole"
                        },
                        "meta": {},
                        "tainted": false
                    },
                    "deposed": [],
                    "provider": "provider.aws"
                }
            },
            "depends_on": []
        },
        {
            "path": [
                "root",
                "global",
                "sshKeys"
            ],
            "outputs": {},
            "resources": {
                "aws_key_pair.ssh_key": {
                    "type": "aws_key_pair",
                    "depends_on": [],
                    "primary": {
                        "id": "TomislavCapanRSAKey",
                        "attributes": {
                            "fingerprint": "ca:4e:71:d4:28:8e:4a:6a:24:ec:bf:23:e1:77:74:95",
                            "id": "TomislavCapanRSAKey",
                            "key_name": "TomislavCapanRSAKey",
                            "public_key": "ssh-rsa AAAAB3NzaC1yc2EAAAADAQABAAACAQC1qBTxY2FAAgy9/YVVp4NFUehpZEjVmc7ACCtpOFygM1LsrXJIMjcpkh7/CxDLPpFU1ayAebWSrK9SMMEoDU4hY5RtEBsDq4msNQd2ez5WNwcKL014yMuFxlZ2t1phz4/Fqk365TMMkHtklT9mOUHAVK7wyFL6jrs3EMHyvIfubesQLJFG+AW1KQl3TW6TwENlFgWlYzKtXFHbaI0B3e/TgALvXOSEqUaNnUgNXGG9RKbpRWMfRTX/Weh2zOtJAg2PpOSnQn4Pq1Og6CuZ7jezfDu5d5tXbntYxm5+CrwZGYQ7Axn8Jhmv7YmG1EH7eyiDC8ozTA/Pmy4UJzuy27Kq5nvJhOTmuefbHv3ebqevXqNcSahtHt5Af5hCJ8L0xCQWZeMS70JmrLQhk+Cb7PmNIYcvTmqHFy7v8lMtji6FCFYc/Ya2gtqqtf9kOQ1dokZrBL06DbDs4dkltyKeyJxPKA8/ot34LtJ/zT2CRXNsy7on6rygn6bKUoc0UQoRWqDqLCwIOBMhHg3RIxK/E+qlmw25ydN/FErxXce+aRWkvp+CbiPxtF0Dl8RGQB8bIrESWk7qPY1lNgqV6bS9q08pDWjGBfFKJfqAU2sXijuCzyNCHGLBXQOz18pAO2wAMLtoPtKod1weiQPJDzwel23evGPxnoONTo2eD5W+CndjEw== tomislav.capan@gmail.com"
                        },
                        "meta": {
                            "schema_version": "1"
                        },
                        "tainted": false
                    },
                    "deposed": [],
                    "provider": "provider.aws"
                }
            },
            "depends_on": []
        },
        {
            "path": [
                "root",
                "global",
                "storage"
            ],
            "outputs": {
                "notejam_backup_bucket": {
                    "sensitive": false,
                    "type": "string",
                    "value": "topal.devops.notejam.backup"
                }
            },
            "resources": {
                "aws_s3_bucket.notejam_backup": {
                    "type": "aws_s3_bucket",
                    "depends_on": [],
                    "primary": {
                        "id": "topal.devops.notejam.backup",
                        "attributes": {
                            "acceleration_status": "",
                            "acl": "private",
                            "arn": "arn:aws:s3:::topal.devops.notejam.backup",
                            "bucket": "topal.devops.notejam.backup",
                            "bucket_domain_name": "topal.devops.notejam.backup.s3.amazonaws.com",
                            "force_destroy": "false",
                            "hosted_zone_id": "Z3AQBSTGFYJSTF",
                            "id": "topal.devops.notejam.backup",
                            "logging.#": "0",
                            "region": "us-east-1",
                            "replication_configuration.#": "0",
                            "request_payer": "BucketOwner",
                            "server_side_encryption_configuration.#": "0",
                            "tags.%": "2",
                            "tags.Name": "ToptalDevops.NotejamBackup",
                            "tags.env": "global",
                            "versioning.#": "1",
                            "versioning.0.enabled": "false",
                            "versioning.0.mfa_delete": "false",
                            "website.#": "0"
                        },
                        "meta": {},
                        "tainted": false
                    },
                    "deposed": [],
                    "provider": "provider.aws"
                }
            },
            "depends_on": []
        },
        {
            "path": [
                "root",
                "prodEnvironment",
                "application"
            ],
            "outputs": {
                "webservers_asg_id": {
                    "sensitive": false,
                    "type": "string",
                    "value": "prod-WebServers-ASG"
                }
            },
            "resources": {
                "aws_autoscaling_group.webserver_asg": {
                    "type": "aws_autoscaling_group",
                    "depends_on": [
                        "aws_launch_configuration.webserver_lc"
                    ],
                    "primary": {
                        "id": "prod-WebServers-ASG",
                        "attributes": {
                            "arn": "arn:aws:autoscaling:us-east-1:139215403177:autoScalingGroup:8ca05183-3b7b-4820-a14b-3ce73d6669c3:autoScalingGroupName/prod-WebServers-ASG",
                            "availability_zones.#": "4",
                            "availability_zones.1305112097": "us-east-1b",
                            "availability_zones.2762590996": "us-east-1d",
                            "availability_zones.3569565595": "us-east-1a",
                            "availability_zones.986537655": "us-east-1c",
                            "default_cooldown": "30",
                            "desired_capacity": "0",
                            "enabled_metrics.#": "0",
                            "force_delete": "false",
                            "health_check_grace_period": "300",
                            "health_check_type": "ELB",
                            "id": "prod-WebServers-ASG",
                            "launch_configuration": "prod-WebServer-LC-20180409164104911800000002",
                            "load_balancers.#": "0",
                            "max_size": "0",
                            "metrics_granularity": "1Minute",
                            "min_size": "0",
                            "name": "prod-WebServers-ASG",
                            "placement_group": "",
                            "protect_from_scale_in": "false",
                            "service_linked_role_arn": "arn:aws:iam::139215403177:role/aws-service-role/autoscaling.amazonaws.com/AWSServiceRoleForAutoScaling",
                            "suspended_processes.#": "0",
                            "tag.#": "2",
                            "tag.2360888671.key": "env",
                            "tag.2360888671.propagate_at_launch": "true",
                            "tag.2360888671.value": "prod",
                            "tag.3634242607.key": "Name",
                            "tag.3634242607.propagate_at_launch": "true",
                            "tag.3634242607.value": "prod-WebServer",
                            "target_group_arns.#": "0",
                            "termination_policies.#": "0",
                            "vpc_zone_identifier.#": "4",
                            "vpc_zone_identifier.1902643647": "subnet-bbddc6df",
                            "vpc_zone_identifier.2108758188": "subnet-14ad675e",
                            "vpc_zone_identifier.2794560232": "subnet-de353383",
                            "vpc_zone_identifier.3203969270": "subnet-59a2a376",
                            "wait_for_capacity_timeout": "10m"
                        },
                        "meta": {
                            "e2bfb730-ecaa-11e6-8f88-34363bc7c4c0": {
                                "delete": 600000000000
                            }
                        },
                        "tainted": false
                    },
                    "deposed": [],
                    "provider": "provider.aws"
                },
                "aws_autoscaling_policy.avg_cpu": {
                    "type": "aws_autoscaling_policy",
                    "depends_on": [
                        "aws_autoscaling_group.webserver_asg"
                    ],
                    "primary": {
                        "id": "prod-WebServers-ASG-AvgCPU-ASP",
                        "attributes": {
                            "adjustment_type": "",
                            "arn": "arn:aws:autoscaling:us-east-1:139215403177:scalingPolicy:9d3511c3-cb9c-46b9-9937-53e66d5a30a5:autoScalingGroupName/prod-WebServers-ASG:policyName/prod-WebServers-ASG-AvgCPU-ASP",
                            "autoscaling_group_name": "prod-WebServers-ASG",
                            "cooldown": "0",
                            "estimated_instance_warmup": "600",
                            "id": "prod-WebServers-ASG-AvgCPU-ASP",
                            "metric_aggregation_type": "",
                            "min_adjustment_step": "0",
                            "name": "prod-WebServers-ASG-AvgCPU-ASP",
                            "policy_type": "TargetTrackingScaling",
                            "scaling_adjustment": "0",
                            "step_adjustment.#": "0",
                            "target_tracking_configuration.#": "1",
                            "target_tracking_configuration.0.customized_metric_specification.#": "0",
                            "target_tracking_configuration.0.disable_scale_in": "false",
                            "target_tracking_configuration.0.predefined_metric_specification.#": "1",
                            "target_tracking_configuration.0.predefined_metric_specification.0.predefined_metric_type": "ASGAverageCPUUtilization",
                            "target_tracking_configuration.0.predefined_metric_specification.0.resource_label": "",
                            "target_tracking_configuration.0.target_value": "70"
                        },
                        "meta": {},
                        "tainted": false
                    },
                    "deposed": [],
                    "provider": "provider.aws"
                },
                "aws_codedeploy_deployment_group.app_dg": {
                    "type": "aws_codedeploy_deployment_group",
                    "depends_on": [
                        "aws_autoscaling_group.webserver_asg"
                    ],
                    "primary": {
                        "id": "d2537daa-b5f4-4b88-865b-6ccb2a1bd90c",
                        "attributes": {
                            "alarm_configuration.#": "0",
                            "app_name": "ToptalDevOpsScreening.Notejam",
                            "auto_rollback_configuration.#": "1",
                            "auto_rollback_configuration.0.enabled": "true",
                            "auto_rollback_configuration.0.events.#": "1",
                            "auto_rollback_configuration.0.events.135881253": "DEPLOYMENT_FAILURE",
                            "autoscaling_groups.#": "1",
                            "autoscaling_groups.3457522734": "prod-WebServers-ASG",
                            "blue_green_deployment_config.#": "0",
                            "deployment_config_name": "CodeDeployDefault.AllAtOnce",
                            "deployment_group_name": "ToptalDevOpsScreening.Notejam-deploy-prod",
                            "deployment_style.#": "1",
                            "deployment_style.0.deployment_option": "WITHOUT_TRAFFIC_CONTROL",
                            "deployment_style.0.deployment_type": "IN_PLACE",
                            "ec2_tag_filter.#": "0",
                            "id": "d2537daa-b5f4-4b88-865b-6ccb2a1bd90c",
                            "load_balancer_info.#": "0",
                            "on_premises_instance_tag_filter.#": "0",
                            "service_role_arn": "arn:aws:iam::139215403177:role/ToptalDevOpsCodeDeployServiceRole",
                            "trigger_configuration.#": "0"
                        },
                        "meta": {},
                        "tainted": false
                    },
                    "deposed": [],
                    "provider": "provider.aws"
                },
                "aws_efs_file_system.notejam_efs": {
                    "type": "aws_efs_file_system",
                    "depends_on": [],
                    "primary": {
                        "id": "fs-2bd30d63",
                        "attributes": {
                            "creation_token": "prod-notejam-efs",
                            "dns_name": "fs-2bd30d63.efs.us-east-1.amazonaws.com",
                            "encrypted": "false",
                            "id": "fs-2bd30d63",
                            "kms_key_id": "",
                            "performance_mode": "generalPurpose",
                            "tags.%": "1",
                            "tags.Name": "prod-notejam-efs"
                        },
                        "meta": {},
                        "tainted": false
                    },
                    "deposed": [],
                    "provider": "provider.aws"
                },
                "aws_efs_mount_target.notejam_efs.0": {
                    "type": "aws_efs_mount_target",
                    "depends_on": [
                        "aws_efs_file_system.notejam_efs"
                    ],
                    "primary": {
                        "id": "fsmt-6f01a827",
                        "attributes": {
                            "dns_name": "fs-2bd30d63.efs.us-east-1.amazonaws.com",
                            "file_system_id": "fs-2bd30d63",
                            "id": "fsmt-6f01a827",
                            "ip_address": "10.0.0.160",
                            "network_interface_id": "eni-e9aa116f",
                            "security_groups.#": "1",
                            "security_groups.1870278347": "sg-7ef63937",
                            "subnet_id": "subnet-de353383"
                        },
                        "meta": {},
                        "tainted": false
                    },
                    "deposed": [],
                    "provider": "provider.aws"
                },
                "aws_efs_mount_target.notejam_efs.1": {
                    "type": "aws_efs_mount_target",
                    "depends_on": [
                        "aws_efs_file_system.notejam_efs"
                    ],
                    "primary": {
                        "id": "fsmt-6d01a825",
                        "attributes": {
                            "dns_name": "fs-2bd30d63.efs.us-east-1.amazonaws.com",
                            "file_system_id": "fs-2bd30d63",
                            "id": "fsmt-6d01a825",
                            "ip_address": "10.0.1.152",
                            "network_interface_id": "eni-c803a54b",
                            "security_groups.#": "1",
                            "security_groups.1870278347": "sg-7ef63937",
                            "subnet_id": "subnet-bbddc6df"
                        },
                        "meta": {},
                        "tainted": false
                    },
                    "deposed": [],
                    "provider": "provider.aws"
                },
                "aws_efs_mount_target.notejam_efs.2": {
                    "type": "aws_efs_mount_target",
                    "depends_on": [
                        "aws_efs_file_system.notejam_efs"
                    ],
                    "primary": {
                        "id": "fsmt-6c01a824",
                        "attributes": {
                            "dns_name": "fs-2bd30d63.efs.us-east-1.amazonaws.com",
                            "file_system_id": "fs-2bd30d63",
                            "id": "fsmt-6c01a824",
                            "ip_address": "10.0.2.240",
                            "network_interface_id": "eni-325cfaa0",
                            "security_groups.#": "1",
                            "security_groups.1870278347": "sg-7ef63937",
                            "subnet_id": "subnet-59a2a376"
                        },
                        "meta": {},
                        "tainted": false
                    },
                    "deposed": [],
                    "provider": "provider.aws"
                },
                "aws_efs_mount_target.notejam_efs.3": {
                    "type": "aws_efs_mount_target",
                    "depends_on": [
                        "aws_efs_file_system.notejam_efs"
                    ],
                    "primary": {
                        "id": "fsmt-6001a828",
                        "attributes": {
                            "dns_name": "fs-2bd30d63.efs.us-east-1.amazonaws.com",
                            "file_system_id": "fs-2bd30d63",
                            "id": "fsmt-6001a828",
                            "ip_address": "10.0.3.139",
                            "network_interface_id": "eni-51e0f5cc",
                            "security_groups.#": "1",
                            "security_groups.1870278347": "sg-7ef63937",
                            "subnet_id": "subnet-14ad675e"
                        },
                        "meta": {},
                        "tainted": false
                    },
                    "deposed": [],
                    "provider": "provider.aws"
                },
                "aws_launch_configuration.webserver_lc": {
                    "type": "aws_launch_configuration",
                    "depends_on": [],
                    "primary": {
                        "id": "prod-WebServer-LC-20180409164104911800000002",
                        "attributes": {
                            "associate_public_ip_address": "true",
                            "ebs_block_device.#": "0",
                            "ebs_optimized": "false",
                            "enable_monitoring": "true",
                            "ephemeral_block_device.#": "0",
                            "iam_instance_profile": "ToptalDevOpsWebServerProfile",
                            "id": "prod-WebServer-LC-20180409164104911800000002",
                            "image_id": "ami-cef12db1",
                            "instance_type": "t2.micro",
                            "key_name": "TomislavCapanRSAKey",
                            "name": "prod-WebServer-LC-20180409164104911800000002",
                            "name_prefix": "prod-WebServer-LC-",
                            "root_block_device.#": "0",
                            "security_groups.#": "1",
                            "security_groups.184426363": "sg-34939842",
                            "spot_price": "",
                            "user_data": "bc7eb7776c791b04623b915be2aa9ed4f3fc89be",
                            "vpc_classic_link_id": "",
                            "vpc_classic_link_security_groups.#": "0"
                        },
                        "meta": {},
                        "tainted": false
                    },
                    "deposed": [],
                    "provider": "provider.aws"
                },
                "data.template_file.user_data": {
                    "type": "template_file",
                    "depends_on": [
                        "aws_efs_file_system.notejam_efs"
                    ],
                    "primary": {
                        "id": "4dc32b8659fed4a588a26e9e5ef1f33c5bf27e296c7a69425f2b9c90629aa1f2",
                        "attributes": {
                            "id": "4dc32b8659fed4a588a26e9e5ef1f33c5bf27e296c7a69425f2b9c90629aa1f2",
                            "rendered": "#!/bin/bash\n\n#### EFS SETUP\napt-get -y install nfs-common\nmkdir -p /efs\nchown ubuntu:ubuntu /efs\nFSTAB_EFS_MOUNT_STRING=\"fs-2bd30d63.efs.us-east-1.amazonaws.com:/ /efs nfs4 nfsvers=4.1,rsize=1048576,wsize=1048576,hard,timeo=600,retrans=2 0 0\"\necho $FSTAB_EFS_MOUNT_STRING | sudo tee -a /etc/fstab\nmount -a -t nfs4\n\n## DataDog logging agent - install \u0026 add to 'adm' group for getting logs R/O access\nDD_API_KEY=75fccbf84c1ada6945f926bf72091743 bash -c \"$(curl -L https://raw.githubusercontent.com/DataDog/datadog-agent/master/cmd/agent/install_script.sh)\"\nusermod -a -G adm dd-agent\n\n## Enable status check for nginx (via localhost only)\ncat \u003c\u003cEOF \u003e /etc/nginx/conf.d/status.conf\nserver {\n  listen 81;\n  server_name localhost;\n\n  access_log off;\n  allow 127.0.0.1;\n  deny all;\n\n  location /nginx_status {\n    # Choose your status module\n\n    # freely available with open source NGINX\n    stub_status;\n\n    # available only with NGINX Plus\n    # status;\n  }\n}\nEOF\n\n\n#### Datadog config\nDATADOG_YAML='/etc/datadog-agent/datadog.yaml'\n\n## Enable logs collection in datadog\nMATCH='# logs_enabled: false'\nINSERT='logs_enabled: true'\nsed -i \"s/$MATCH/$MATCH\\n\\n$INSERT\\n/\" $DATADOG_YAML\n\n## Enable collecting data about system processes for debugging bottlenecks\ncat \u003c\u003cEOM \u003e\u003e $DATADOG_YAML\n\nprocess_config:\n  enabled: \"true\"\nEOM\n\n\n## Enable system logs collection\nDD_SYSLOG_CONF_DIR=/etc/datadog-agent/conf.d/syslog.d\nmkdir -p ${DD_SYSLOG_CONF_DIR}\ncat \u003c\u003cEOF \u003e ${DD_SYSLOG_CONF_DIR}/conf.yaml\nlogs:\n  - type: file\n    path: /var/log/syslog\n    service: system\n    source: syslog\n    sourcecategory: system_logs\nEOF\n\n\n## Enable nginx status and logs collection\nDD_NGINX_CONF_DIR=/etc/datadog-agent/conf.d/nginx.d\nmkdir -p ${DD_NGINX_CONF_DIR}\ncat \u003c\u003cEOF \u003e ${DD_NGINX_CONF_DIR}/conf.yaml\ninit_config:\n\ninstances:\n  - nginx_status_url: http://localhost:81/nginx_status/\n\nlogs:\n  - type: file\n    path: /var/log/nginx/access.log\n    service: nginx\n    source: nginx\n    sourcecategory: http_web_access\n\n  - type: file\n    path: /var/log/nginx/error.log\n    service: nginx\n    source: nginx\n    sourcecategory: http_web_access\nEOF\n\n\n## Restart services whose configs have changed\nsystemctl restart nginx\nsystemctl restart datadog-agent\n\n#### CREATE deploy dir for AWS CodeDeploy (it expects an empty dir to mark installation finished)\nDEPLOY_APP_PATH=/var/www/html\nmkdir -p $DEPLOY_APP_PATH\nchown www-data:www-data $DEPLOY_APP_PATH\n\nexit 0;\n",
                            "template": "#!/bin/bash\n\n#### EFS SETUP\napt-get -y install nfs-common\nmkdir -p /efs\nchown ubuntu:ubuntu /efs\nFSTAB_EFS_MOUNT_STRING=\"${efs_dns_name}:/ /efs nfs4 nfsvers=4.1,rsize=1048576,wsize=1048576,hard,timeo=600,retrans=2 0 0\"\necho $FSTAB_EFS_MOUNT_STRING | sudo tee -a /etc/fstab\nmount -a -t nfs4\n\n## DataDog logging agent - install \u0026 add to 'adm' group for getting logs R/O access\nDD_API_KEY=${datadog_api_key} bash -c \"$(curl -L https://raw.githubusercontent.com/DataDog/datadog-agent/master/cmd/agent/install_script.sh)\"\nusermod -a -G adm dd-agent\n\n## Enable status check for nginx (via localhost only)\ncat \u003c\u003cEOF \u003e /etc/nginx/conf.d/status.conf\nserver {\n  listen 81;\n  server_name localhost;\n\n  access_log off;\n  allow 127.0.0.1;\n  deny all;\n\n  location /nginx_status {\n    # Choose your status module\n\n    # freely available with open source NGINX\n    stub_status;\n\n    # available only with NGINX Plus\n    # status;\n  }\n}\nEOF\n\n\n#### Datadog config\nDATADOG_YAML='/etc/datadog-agent/datadog.yaml'\n\n## Enable logs collection in datadog\nMATCH='# logs_enabled: false'\nINSERT='logs_enabled: true'\nsed -i \"s/$MATCH/$MATCH\\n\\n$INSERT\\n/\" $DATADOG_YAML\n\n## Enable collecting data about system processes for debugging bottlenecks\ncat \u003c\u003cEOM \u003e\u003e $DATADOG_YAML\n\nprocess_config:\n  enabled: \"true\"\nEOM\n\n\n## Enable system logs collection\nDD_SYSLOG_CONF_DIR=/etc/datadog-agent/conf.d/syslog.d\nmkdir -p $${DD_SYSLOG_CONF_DIR}\ncat \u003c\u003cEOF \u003e $${DD_SYSLOG_CONF_DIR}/conf.yaml\nlogs:\n  - type: file\n    path: /var/log/syslog\n    service: system\n    source: syslog\n    sourcecategory: system_logs\nEOF\n\n\n## Enable nginx status and logs collection\nDD_NGINX_CONF_DIR=/etc/datadog-agent/conf.d/nginx.d\nmkdir -p $${DD_NGINX_CONF_DIR}\ncat \u003c\u003cEOF \u003e $${DD_NGINX_CONF_DIR}/conf.yaml\ninit_config:\n\ninstances:\n  - nginx_status_url: http://localhost:81/nginx_status/\n\nlogs:\n  - type: file\n    path: /var/log/nginx/access.log\n    service: nginx\n    source: nginx\n    sourcecategory: http_web_access\n\n  - type: file\n    path: /var/log/nginx/error.log\n    service: nginx\n    source: nginx\n    sourcecategory: http_web_access\nEOF\n\n\n## Restart services whose configs have changed\nsystemctl restart nginx\nsystemctl restart datadog-agent\n\n#### CREATE deploy dir for AWS CodeDeploy (it expects an empty dir to mark installation finished)\nDEPLOY_APP_PATH=/var/www/html\nmkdir -p $DEPLOY_APP_PATH\nchown www-data:www-data $DEPLOY_APP_PATH\n\nexit 0;\n",
                            "vars.%": "2",
                            "vars.datadog_api_key": "75fccbf84c1ada6945f926bf72091743",
                            "vars.efs_dns_name": "fs-2bd30d63.efs.us-east-1.amazonaws.com"
                        },
                        "meta": {},
                        "tainted": false
                    },
                    "deposed": [],
                    "provider": "provider.template"
                }
            },
            "depends_on": []
        },
        {
            "path": [
                "root",
                "prodEnvironment",
                "bastions"
            ],
            "outputs": {},
            "resources": {
                "aws_autoscaling_group.bastion_asg": {
                    "type": "aws_autoscaling_group",
                    "depends_on": [
                        "aws_launch_configuration.bastion_lc"
                    ],
                    "primary": {
                        "id": "prod-Bastions-ASG",
                        "attributes": {
                            "arn": "arn:aws:autoscaling:us-east-1:139215403177:autoScalingGroup:ac1def3c-229f-4469-adff-0a98f59eea7d:autoScalingGroupName/prod-Bastions-ASG",
                            "availability_zones.#": "2",
                            "availability_zones.1305112097": "us-east-1b",
                            "availability_zones.3569565595": "us-east-1a",
                            "default_cooldown": "30",
                            "desired_capacity": "0",
                            "enabled_metrics.#": "0",
                            "force_delete": "false",
                            "health_check_grace_period": "300",
                            "health_check_type": "EC2",
                            "id": "prod-Bastions-ASG",
                            "launch_configuration": "prod-Bastion-LC-20180405224400837900000004",
                            "load_balancers.#": "0",
                            "max_size": "0",
                            "metrics_granularity": "1Minute",
                            "min_size": "0",
                            "name": "prod-Bastions-ASG",
                            "placement_group": "",
                            "protect_from_scale_in": "false",
                            "service_linked_role_arn": "arn:aws:iam::139215403177:role/aws-service-role/autoscaling.amazonaws.com/AWSServiceRoleForAutoScaling",
                            "suspended_processes.#": "0",
                            "tag.#": "2",
                            "tag.2360888671.key": "env",
                            "tag.2360888671.propagate_at_launch": "true",
                            "tag.2360888671.value": "prod",
                            "tag.3226535910.key": "Name",
                            "tag.3226535910.propagate_at_launch": "true",
                            "tag.3226535910.value": "prod-Bastion",
                            "target_group_arns.#": "0",
                            "termination_policies.#": "0",
                            "vpc_zone_identifier.#": "2",
                            "vpc_zone_identifier.3175000647": "subnet-f63432ab",
                            "vpc_zone_identifier.3713113264": "subnet-76dac112",
                            "wait_for_capacity_timeout": "10m"
                        },
                        "meta": {
                            "e2bfb730-ecaa-11e6-8f88-34363bc7c4c0": {
                                "delete": 600000000000
                            }
                        },
                        "tainted": false
                    },
                    "deposed": [],
                    "provider": "provider.aws"
                },
                "aws_launch_configuration.bastion_lc": {
                    "type": "aws_launch_configuration",
                    "depends_on": [],
                    "primary": {
                        "id": "prod-Bastion-LC-20180405224400837900000004",
                        "attributes": {
                            "associate_public_ip_address": "true",
                            "ebs_block_device.#": "0",
                            "ebs_optimized": "false",
                            "enable_monitoring": "true",
                            "ephemeral_block_device.#": "0",
                            "iam_instance_profile": "",
                            "id": "prod-Bastion-LC-20180405224400837900000004",
                            "image_id": "ami-43a15f3e",
                            "instance_type": "t2.nano",
                            "key_name": "TomislavCapanRSAKey",
                            "name": "prod-Bastion-LC-20180405224400837900000004",
                            "name_prefix": "prod-Bastion-LC-",
                            "root_block_device.#": "0",
                            "security_groups.#": "1",
                            "security_groups.1615728166": "sg-c9868dbf",
                            "spot_price": "",
                            "user_data": "611128c675fb177738f93a369218a642ea1712ad",
                            "vpc_classic_link_id": "",
                            "vpc_classic_link_security_groups.#": "0"
                        },
                        "meta": {},
                        "tainted": false
                    },
                    "deposed": [],
                    "provider": "provider.aws"
                }
            },
            "depends_on": []
        },
        {
            "path": [
                "root",
                "prodEnvironment",
                "networking"
            ],
            "outputs": {
                "alb_sg_id": {
                    "sensitive": false,
                    "type": "string",
                    "value": "sg-b6868dc0"
                },
                "bastion_sg_id": {
                    "sensitive": false,
                    "type": "string",
                    "value": "sg-c9868dbf"
                },
                "bastion_subnet_ids": {
                    "sensitive": false,
                    "type": "list",
                    "value": [
                        "subnet-f63432ab",
                        "subnet-76dac112"
                    ]
                },
                "efs_sg_id": {
                    "sensitive": false,
                    "type": "string",
                    "value": "sg-7ef63937"
                },
                "rds_sg_id": {
                    "sensitive": false,
                    "type": "string",
                    "value": "sg-3846b571"
                },
                "vpc_id": {
                    "sensitive": false,
                    "type": "string",
                    "value": "vpc-67c3581c"
                },
                "webserver_sg_id": {
                    "sensitive": false,
                    "type": "string",
                    "value": "sg-34939842"
                },
                "webserver_subnet_ids": {
                    "sensitive": false,
                    "type": "list",
                    "value": [
                        "subnet-de353383",
                        "subnet-bbddc6df",
                        "subnet-59a2a376",
                        "subnet-14ad675e"
                    ]
                }
            },
            "resources": {
                "aws_default_route_table.default_route_table": {
                    "type": "aws_default_route_table",
                    "depends_on": [
                        "aws_vpc.vpc"
                    ],
                    "primary": {
                        "id": "rtb-527ced2e",
                        "attributes": {
                            "default_route_table_id": "rtb-527ced2e",
                            "id": "rtb-527ced2e",
                            "propagating_vgws.#": "0",
                            "route.#": "0",
                            "tags.%": "2",
                            "tags.Name": "prod-Default-RT",
                            "tags.env": "prod",
                            "vpc_id": "vpc-67c3581c"
                        },
                        "meta": {},
                        "tainted": false
                    },
                    "deposed": [],
                    "provider": "provider.aws"
                },
                "aws_default_security_group.default_sg": {
                    "type": "aws_default_security_group",
                    "depends_on": [
                        "aws_vpc.vpc"
                    ],
                    "primary": {
                        "id": "sg-d57179a3",
                        "attributes": {
                            "arn": "arn:aws:ec2:us-east-1:139215403177:security-group/sg-d57179a3",
                            "egress.#": "1",
                            "egress.482069346.cidr_blocks.#": "1",
                            "egress.482069346.cidr_blocks.0": "0.0.0.0/0",
                            "egress.482069346.description": "",
                            "egress.482069346.from_port": "0",
                            "egress.482069346.ipv6_cidr_blocks.#": "0",
                            "egress.482069346.prefix_list_ids.#": "0",
                            "egress.482069346.protocol": "-1",
                            "egress.482069346.security_groups.#": "0",
                            "egress.482069346.self": "false",
                            "egress.482069346.to_port": "0",
                            "id": "sg-d57179a3",
                            "ingress.#": "1",
                            "ingress.753360330.cidr_blocks.#": "0",
                            "ingress.753360330.description": "",
                            "ingress.753360330.from_port": "0",
                            "ingress.753360330.ipv6_cidr_blocks.#": "0",
                            "ingress.753360330.protocol": "-1",
                            "ingress.753360330.security_groups.#": "0",
                            "ingress.753360330.self": "true",
                            "ingress.753360330.to_port": "0",
                            "name": "default",
                            "owner_id": "139215403177",
                            "revoke_rules_on_delete": "false",
                            "tags.%": "1",
                            "tags.Name": "prod-Default-SG",
                            "vpc_id": "vpc-67c3581c"
                        },
                        "meta": {
                            "e2bfb730-ecaa-11e6-8f88-34363bc7c4c0": {
                                "create": 600000000000,
                                "delete": 600000000000
                            },
                            "schema_version": "1"
                        },
                        "tainted": false
                    },
                    "deposed": [],
                    "provider": "provider.aws"
                },
                "aws_internet_gateway.igw": {
                    "type": "aws_internet_gateway",
                    "depends_on": [
                        "aws_vpc.vpc"
                    ],
                    "primary": {
                        "id": "igw-5b9b2b23",
                        "attributes": {
                            "id": "igw-5b9b2b23",
                            "tags.%": "2",
                            "tags.Name": "prodIGW",
                            "tags.env": "prod",
                            "vpc_id": "vpc-67c3581c"
                        },
                        "meta": {},
                        "tainted": false
                    },
                    "deposed": [],
                    "provider": "provider.aws"
                },
                "aws_route_table.dmz_route_table": {
                    "type": "aws_route_table",
                    "depends_on": [
                        "aws_internet_gateway.igw",
                        "aws_vpc.vpc"
                    ],
                    "primary": {
                        "id": "rtb-c67feeba",
                        "attributes": {
                            "id": "rtb-c67feeba",
                            "propagating_vgws.#": "0",
                            "route.#": "1",
                            "route.436425346.cidr_block": "0.0.0.0/0",
                            "route.436425346.egress_only_gateway_id": "",
                            "route.436425346.gateway_id": "igw-5b9b2b23",
                            "route.436425346.instance_id": "",
                            "route.436425346.ipv6_cidr_block": "",
                            "route.436425346.nat_gateway_id": "",
                            "route.436425346.network_interface_id": "",
                            "route.436425346.vpc_peering_connection_id": "",
                            "tags.%": "1",
                            "tags.Name": "prod-DMZ-RT",
                            "vpc_id": "vpc-67c3581c"
                        },
                        "meta": {},
                        "tainted": false
                    },
                    "deposed": [],
                    "provider": "provider.aws"
                },
                "aws_route_table_association.bastion_subnets_associations.0": {
                    "type": "aws_route_table_association",
                    "depends_on": [
                        "aws_route_table.dmz_route_table",
                        "aws_subnet.bastion_subnets.*"
                    ],
                    "primary": {
                        "id": "rtbassoc-4ae92b35",
                        "attributes": {
                            "id": "rtbassoc-4ae92b35",
                            "route_table_id": "rtb-c67feeba",
                            "subnet_id": "subnet-f63432ab"
                        },
                        "meta": {},
                        "tainted": false
                    },
                    "deposed": [],
                    "provider": "provider.aws"
                },
                "aws_route_table_association.bastion_subnets_associations.1": {
                    "type": "aws_route_table_association",
                    "depends_on": [
                        "aws_route_table.dmz_route_table",
                        "aws_subnet.bastion_subnets.*"
                    ],
                    "primary": {
                        "id": "rtbassoc-a1ea28de",
                        "attributes": {
                            "id": "rtbassoc-a1ea28de",
                            "route_table_id": "rtb-c67feeba",
                            "subnet_id": "subnet-76dac112"
                        },
                        "meta": {},
                        "tainted": false
                    },
                    "deposed": [],
                    "provider": "provider.aws"
                },
                "aws_route_table_association.webserver_subnets_associations.0": {
                    "type": "aws_route_table_association",
                    "depends_on": [
                        "aws_route_table.dmz_route_table",
                        "aws_subnet.webserver_subnets.*"
                    ],
                    "primary": {
                        "id": "rtbassoc-613cfe1e",
                        "attributes": {
                            "id": "rtbassoc-613cfe1e",
                            "route_table_id": "rtb-c67feeba",
                            "subnet_id": "subnet-de353383"
                        },
                        "meta": {},
                        "tainted": false
                    },
                    "deposed": [],
                    "provider": "provider.aws"
                },
                "aws_route_table_association.webserver_subnets_associations.1": {
                    "type": "aws_route_table_association",
                    "depends_on": [
                        "aws_route_table.dmz_route_table",
                        "aws_subnet.webserver_subnets.*"
                    ],
                    "primary": {
                        "id": "rtbassoc-fd35f782",
                        "attributes": {
                            "id": "rtbassoc-fd35f782",
                            "route_table_id": "rtb-c67feeba",
                            "subnet_id": "subnet-bbddc6df"
                        },
                        "meta": {},
                        "tainted": false
                    },
                    "deposed": [],
                    "provider": "provider.aws"
                },
                "aws_route_table_association.webserver_subnets_associations.2": {
                    "type": "aws_route_table_association",
                    "depends_on": [
                        "aws_route_table.dmz_route_table",
                        "aws_subnet.webserver_subnets.*"
                    ],
                    "primary": {
                        "id": "rtbassoc-8d3efcf2",
                        "attributes": {
                            "id": "rtbassoc-8d3efcf2",
                            "route_table_id": "rtb-c67feeba",
                            "subnet_id": "subnet-59a2a376"
                        },
                        "meta": {},
                        "tainted": false
                    },
                    "deposed": [],
                    "provider": "provider.aws"
                },
                "aws_route_table_association.webserver_subnets_associations.3": {
                    "type": "aws_route_table_association",
                    "depends_on": [
                        "aws_route_table.dmz_route_table",
                        "aws_subnet.webserver_subnets.*"
                    ],
                    "primary": {
                        "id": "rtbassoc-6047851f",
                        "attributes": {
                            "id": "rtbassoc-6047851f",
                            "route_table_id": "rtb-c67feeba",
                            "subnet_id": "subnet-14ad675e"
                        },
                        "meta": {},
                        "tainted": false
                    },
                    "deposed": [],
                    "provider": "provider.aws"
                },
                "aws_security_group.alb_sg": {
                    "type": "aws_security_group",
                    "depends_on": [],
                    "primary": {
                        "id": "sg-b6868dc0",
                        "attributes": {
                            "arn": "arn:aws:ec2:us-east-1:139215403177:security-group/sg-b6868dc0",
                            "description": "Application Load Balancers SG",
                            "egress.#": "1",
                            "egress.482069346.cidr_blocks.#": "1",
                            "egress.482069346.cidr_blocks.0": "0.0.0.0/0",
                            "egress.482069346.description": "",
                            "egress.482069346.from_port": "0",
                            "egress.482069346.ipv6_cidr_blocks.#": "0",
                            "egress.482069346.prefix_list_ids.#": "0",
                            "egress.482069346.protocol": "-1",
                            "egress.482069346.security_groups.#": "0",
                            "egress.482069346.self": "false",
                            "egress.482069346.to_port": "0",
                            "id": "sg-b6868dc0",
                            "ingress.#": "2",
                            "ingress.2214680975.cidr_blocks.#": "1",
                            "ingress.2214680975.cidr_blocks.0": "0.0.0.0/0",
                            "ingress.2214680975.description": "",
                            "ingress.2214680975.from_port": "80",
                            "ingress.2214680975.ipv6_cidr_blocks.#": "0",
                            "ingress.2214680975.protocol": "tcp",
                            "ingress.2214680975.security_groups.#": "0",
                            "ingress.2214680975.self": "false",
                            "ingress.2214680975.to_port": "80",
                            "ingress.2617001939.cidr_blocks.#": "1",
                            "ingress.2617001939.cidr_blocks.0": "0.0.0.0/0",
                            "ingress.2617001939.description": "",
                            "ingress.2617001939.from_port": "443",
                            "ingress.2617001939.ipv6_cidr_blocks.#": "0",
                            "ingress.2617001939.protocol": "tcp",
                            "ingress.2617001939.security_groups.#": "0",
                            "ingress.2617001939.self": "false",
                            "ingress.2617001939.to_port": "443",
                            "name": "prod-ALB-SG",
                            "owner_id": "139215403177",
                            "revoke_rules_on_delete": "false",
                            "tags.%": "1",
                            "tags.Name": "prod-ALB-SG",
                            "vpc_id": "vpc-67c3581c"
                        },
                        "meta": {
                            "e2bfb730-ecaa-11e6-8f88-34363bc7c4c0": {
                                "create": 600000000000,
                                "delete": 600000000000
                            },
                            "schema_version": "1"
                        },
                        "tainted": false
                    },
                    "deposed": [],
                    "provider": "provider.aws"
                },
                "aws_security_group.bastion_sg": {
                    "type": "aws_security_group",
                    "depends_on": [],
                    "primary": {
                        "id": "sg-c9868dbf",
                        "attributes": {
                            "arn": "arn:aws:ec2:us-east-1:139215403177:security-group/sg-c9868dbf",
                            "description": "Bastion Hosts SG",
                            "egress.#": "1",
                            "egress.482069346.cidr_blocks.#": "1",
                            "egress.482069346.cidr_blocks.0": "0.0.0.0/0",
                            "egress.482069346.description": "",
                            "egress.482069346.from_port": "0",
                            "egress.482069346.ipv6_cidr_blocks.#": "0",
                            "egress.482069346.prefix_list_ids.#": "0",
                            "egress.482069346.protocol": "-1",
                            "egress.482069346.security_groups.#": "0",
                            "egress.482069346.self": "false",
                            "egress.482069346.to_port": "0",
                            "id": "sg-c9868dbf",
                            "ingress.#": "1",
                            "ingress.2541437006.cidr_blocks.#": "1",
                            "ingress.2541437006.cidr_blocks.0": "0.0.0.0/0",
                            "ingress.2541437006.description": "",
                            "ingress.2541437006.from_port": "22",
                            "ingress.2541437006.ipv6_cidr_blocks.#": "0",
                            "ingress.2541437006.protocol": "tcp",
                            "ingress.2541437006.security_groups.#": "0",
                            "ingress.2541437006.self": "false",
                            "ingress.2541437006.to_port": "22",
                            "name": "prod-Bastion-SG",
                            "owner_id": "139215403177",
                            "revoke_rules_on_delete": "false",
                            "tags.%": "1",
                            "tags.Name": "prod-Bastion-SG",
                            "vpc_id": "vpc-67c3581c"
                        },
                        "meta": {
                            "e2bfb730-ecaa-11e6-8f88-34363bc7c4c0": {
                                "create": 600000000000,
                                "delete": 600000000000
                            },
                            "schema_version": "1"
                        },
                        "tainted": false
                    },
                    "deposed": [],
                    "provider": "provider.aws"
                },
                "aws_security_group.efs_sg": {
                    "type": "aws_security_group",
                    "depends_on": [
                        "aws_security_group.webserver_sg",
                        "aws_vpc.vpc"
                    ],
                    "primary": {
                        "id": "sg-7ef63937",
                        "attributes": {
                            "arn": "arn:aws:ec2:us-east-1:139215403177:security-group/sg-7ef63937",
                            "description": "EFS SG",
                            "egress.#": "1",
                            "egress.482069346.cidr_blocks.#": "1",
                            "egress.482069346.cidr_blocks.0": "0.0.0.0/0",
                            "egress.482069346.description": "",
                            "egress.482069346.from_port": "0",
                            "egress.482069346.ipv6_cidr_blocks.#": "0",
                            "egress.482069346.prefix_list_ids.#": "0",
                            "egress.482069346.protocol": "-1",
                            "egress.482069346.security_groups.#": "0",
                            "egress.482069346.self": "false",
                            "egress.482069346.to_port": "0",
                            "id": "sg-7ef63937",
                            "ingress.#": "1",
                            "ingress.2505876870.cidr_blocks.#": "0",
                            "ingress.2505876870.description": "Web Servers access to EFS",
                            "ingress.2505876870.from_port": "2049",
                            "ingress.2505876870.ipv6_cidr_blocks.#": "0",
                            "ingress.2505876870.protocol": "tcp",
                            "ingress.2505876870.security_groups.#": "1",
                            "ingress.2505876870.security_groups.184426363": "sg-34939842",
                            "ingress.2505876870.self": "false",
                            "ingress.2505876870.to_port": "2049",
                            "name": "prod-EFS-SG",
                            "owner_id": "139215403177",
                            "revoke_rules_on_delete": "false",
                            "tags.%": "1",
                            "tags.Name": "prod-EFS-SG",
                            "vpc_id": "vpc-67c3581c"
                        },
                        "meta": {
                            "e2bfb730-ecaa-11e6-8f88-34363bc7c4c0": {
                                "create": 600000000000,
                                "delete": 600000000000
                            },
                            "schema_version": "1"
                        },
                        "tainted": false
                    },
                    "deposed": [],
                    "provider": "provider.aws"
                },
                "aws_security_group.rds_sg": {
                    "type": "aws_security_group",
                    "depends_on": [
                        "aws_security_group.webserver_sg",
                        "aws_vpc.vpc"
                    ],
                    "primary": {
                        "id": "sg-3846b571",
                        "attributes": {
                            "arn": "arn:aws:ec2:us-east-1:139215403177:security-group/sg-3846b571",
                            "description": "RDS SG",
                            "egress.#": "1",
                            "egress.482069346.cidr_blocks.#": "1",
                            "egress.482069346.cidr_blocks.0": "0.0.0.0/0",
                            "egress.482069346.description": "",
                            "egress.482069346.from_port": "0",
                            "egress.482069346.ipv6_cidr_blocks.#": "0",
                            "egress.482069346.prefix_list_ids.#": "0",
                            "egress.482069346.protocol": "-1",
                            "egress.482069346.security_groups.#": "0",
                            "egress.482069346.self": "false",
                            "egress.482069346.to_port": "0",
                            "id": "sg-3846b571",
                            "ingress.#": "1",
                            "ingress.3780330207.cidr_blocks.#": "0",
                            "ingress.3780330207.description": "Web Servers access to RDS",
                            "ingress.3780330207.from_port": "3306",
                            "ingress.3780330207.ipv6_cidr_blocks.#": "0",
                            "ingress.3780330207.protocol": "tcp",
                            "ingress.3780330207.security_groups.#": "1",
                            "ingress.3780330207.security_groups.184426363": "sg-34939842",
                            "ingress.3780330207.self": "false",
                            "ingress.3780330207.to_port": "3306",
                            "name": "prod-RDS-SG",
                            "owner_id": "139215403177",
                            "revoke_rules_on_delete": "false",
                            "tags.%": "1",
                            "tags.Name": "prod-RDS-SG",
                            "vpc_id": "vpc-67c3581c"
                        },
                        "meta": {
                            "e2bfb730-ecaa-11e6-8f88-34363bc7c4c0": {
                                "create": 600000000000,
                                "delete": 600000000000
                            },
                            "schema_version": "1"
                        },
                        "tainted": false
                    },
                    "deposed": [],
                    "provider": "provider.aws"
                },
                "aws_security_group.webserver_sg": {
                    "type": "aws_security_group",
                    "depends_on": [],
                    "primary": {
                        "id": "sg-34939842",
                        "attributes": {
                            "arn": "arn:aws:ec2:us-east-1:139215403177:security-group/sg-34939842",
                            "description": "Web Servers SG",
                            "egress.#": "1",
                            "egress.482069346.cidr_blocks.#": "1",
                            "egress.482069346.cidr_blocks.0": "0.0.0.0/0",
                            "egress.482069346.description": "",
                            "egress.482069346.from_port": "0",
                            "egress.482069346.ipv6_cidr_blocks.#": "0",
                            "egress.482069346.prefix_list_ids.#": "0",
                            "egress.482069346.protocol": "-1",
                            "egress.482069346.security_groups.#": "0",
                            "egress.482069346.self": "false",
                            "egress.482069346.to_port": "0",
                            "id": "sg-34939842",
                            "ingress.#": "5",
                            "ingress.1634740616.cidr_blocks.#": "0",
                            "ingress.1634740616.description": "",
                            "ingress.1634740616.from_port": "443",
                            "ingress.1634740616.ipv6_cidr_blocks.#": "0",
                            "ingress.1634740616.protocol": "tcp",
                            "ingress.1634740616.security_groups.#": "1",
                            "ingress.1634740616.security_groups.3250568145": "sg-b6868dc0",
                            "ingress.1634740616.self": "false",
                            "ingress.1634740616.to_port": "443",
                            "ingress.2214680975.cidr_blocks.#": "1",
                            "ingress.2214680975.cidr_blocks.0": "0.0.0.0/0",
                            "ingress.2214680975.description": "",
                            "ingress.2214680975.from_port": "80",
                            "ingress.2214680975.ipv6_cidr_blocks.#": "0",
                            "ingress.2214680975.protocol": "tcp",
                            "ingress.2214680975.security_groups.#": "0",
                            "ingress.2214680975.self": "false",
                            "ingress.2214680975.to_port": "80",
                            "ingress.2372999502.cidr_blocks.#": "0",
                            "ingress.2372999502.description": "",
                            "ingress.2372999502.from_port": "80",
                            "ingress.2372999502.ipv6_cidr_blocks.#": "0",
                            "ingress.2372999502.protocol": "tcp",
                            "ingress.2372999502.security_groups.#": "1",
                            "ingress.2372999502.security_groups.3250568145": "sg-b6868dc0",
                            "ingress.2372999502.self": "false",
                            "ingress.2372999502.to_port": "80",
                            "ingress.2617001939.cidr_blocks.#": "1",
                            "ingress.2617001939.cidr_blocks.0": "0.0.0.0/0",
                            "ingress.2617001939.description": "",
                            "ingress.2617001939.from_port": "443",
                            "ingress.2617001939.ipv6_cidr_blocks.#": "0",
                            "ingress.2617001939.protocol": "tcp",
                            "ingress.2617001939.security_groups.#": "0",
                            "ingress.2617001939.self": "false",
                            "ingress.2617001939.to_port": "443",
                            "ingress.411292401.cidr_blocks.#": "0",
                            "ingress.411292401.description": "",
                            "ingress.411292401.from_port": "22",
                            "ingress.411292401.ipv6_cidr_blocks.#": "0",
                            "ingress.411292401.protocol": "tcp",
                            "ingress.411292401.security_groups.#": "1",
                            "ingress.411292401.security_groups.1615728166": "sg-c9868dbf",
                            "ingress.411292401.self": "false",
                            "ingress.411292401.to_port": "22",
                            "name": "prod-WebServer-SG",
                            "owner_id": "139215403177",
                            "revoke_rules_on_delete": "false",
                            "tags.%": "1",
                            "tags.Name": "prod-WebServer-SG",
                            "vpc_id": "vpc-67c3581c"
                        },
                        "meta": {
                            "e2bfb730-ecaa-11e6-8f88-34363bc7c4c0": {
                                "create": 600000000000,
                                "delete": 600000000000
                            },
                            "schema_version": "1"
                        },
                        "tainted": false
                    },
                    "deposed": [],
                    "provider": "provider.aws"
                },
                "aws_subnet.bastion_subnets.0": {
                    "type": "aws_subnet",
                    "depends_on": [
                        "aws_vpc.vpc",
                        "data.aws_availability_zones.all"
                    ],
                    "primary": {
                        "id": "subnet-f63432ab",
                        "attributes": {
                            "assign_ipv6_address_on_creation": "false",
                            "availability_zone": "us-east-1a",
                            "cidr_block": "10.0.255.0/28",
                            "id": "subnet-f63432ab",
                            "map_public_ip_on_launch": "false",
                            "tags.%": "2",
                            "tags.Name": "prod-bastion-1",
                            "tags.env": "prod",
                            "vpc_id": "vpc-67c3581c"
                        },
                        "meta": {
                            "schema_version": "1"
                        },
                        "tainted": false
                    },
                    "deposed": [],
                    "provider": "provider.aws"
                },
                "aws_subnet.bastion_subnets.1": {
                    "type": "aws_subnet",
                    "depends_on": [
                        "aws_vpc.vpc",
                        "data.aws_availability_zones.all"
                    ],
                    "primary": {
                        "id": "subnet-76dac112",
                        "attributes": {
                            "assign_ipv6_address_on_creation": "false",
                            "availability_zone": "us-east-1b",
                            "cidr_block": "10.0.255.16/28",
                            "id": "subnet-76dac112",
                            "map_public_ip_on_launch": "false",
                            "tags.%": "2",
                            "tags.Name": "prod-bastion-2",
                            "tags.env": "prod",
                            "vpc_id": "vpc-67c3581c"
                        },
                        "meta": {
                            "schema_version": "1"
                        },
                        "tainted": false
                    },
                    "deposed": [],
                    "provider": "provider.aws"
                },
                "aws_subnet.webserver_subnets.0": {
                    "type": "aws_subnet",
                    "depends_on": [
                        "aws_vpc.vpc",
                        "data.aws_availability_zones.all"
                    ],
                    "primary": {
                        "id": "subnet-de353383",
                        "attributes": {
                            "assign_ipv6_address_on_creation": "false",
                            "availability_zone": "us-east-1a",
                            "cidr_block": "10.0.0.0/24",
                            "id": "subnet-de353383",
                            "map_public_ip_on_launch": "false",
                            "tags.%": "2",
                            "tags.Name": "prod-webapp-1",
                            "tags.env": "prod",
                            "vpc_id": "vpc-67c3581c"
                        },
                        "meta": {
                            "schema_version": "1"
                        },
                        "tainted": false
                    },
                    "deposed": [],
                    "provider": "provider.aws"
                },
                "aws_subnet.webserver_subnets.1": {
                    "type": "aws_subnet",
                    "depends_on": [
                        "aws_vpc.vpc",
                        "data.aws_availability_zones.all"
                    ],
                    "primary": {
                        "id": "subnet-bbddc6df",
                        "attributes": {
                            "assign_ipv6_address_on_creation": "false",
                            "availability_zone": "us-east-1b",
                            "cidr_block": "10.0.1.0/24",
                            "id": "subnet-bbddc6df",
                            "map_public_ip_on_launch": "false",
                            "tags.%": "2",
                            "tags.Name": "prod-webapp-2",
                            "tags.env": "prod",
                            "vpc_id": "vpc-67c3581c"
                        },
                        "meta": {
                            "schema_version": "1"
                        },
                        "tainted": false
                    },
                    "deposed": [],
                    "provider": "provider.aws"
                },
                "aws_subnet.webserver_subnets.2": {
                    "type": "aws_subnet",
                    "depends_on": [
                        "aws_vpc.vpc",
                        "data.aws_availability_zones.all"
                    ],
                    "primary": {
                        "id": "subnet-59a2a376",
                        "attributes": {
                            "assign_ipv6_address_on_creation": "false",
                            "availability_zone": "us-east-1c",
                            "cidr_block": "10.0.2.0/24",
                            "id": "subnet-59a2a376",
                            "map_public_ip_on_launch": "false",
                            "tags.%": "2",
                            "tags.Name": "prod-webapp-3",
                            "tags.env": "prod",
                            "vpc_id": "vpc-67c3581c"
                        },
                        "meta": {
                            "schema_version": "1"
                        },
                        "tainted": false
                    },
                    "deposed": [],
                    "provider": "provider.aws"
                },
                "aws_subnet.webserver_subnets.3": {
                    "type": "aws_subnet",
                    "depends_on": [
                        "aws_vpc.vpc",
                        "data.aws_availability_zones.all"
                    ],
                    "primary": {
                        "id": "subnet-14ad675e",
                        "attributes": {
                            "assign_ipv6_address_on_creation": "false",
                            "availability_zone": "us-east-1d",
                            "cidr_block": "10.0.3.0/24",
                            "id": "subnet-14ad675e",
                            "map_public_ip_on_launch": "false",
                            "tags.%": "2",
                            "tags.Name": "prod-webapp-4",
                            "tags.env": "prod",
                            "vpc_id": "vpc-67c3581c"
                        },
                        "meta": {
                            "schema_version": "1"
                        },
                        "tainted": false
                    },
                    "deposed": [],
                    "provider": "provider.aws"
                },
                "aws_vpc.vpc": {
                    "type": "aws_vpc",
                    "depends_on": [],
                    "primary": {
                        "id": "vpc-67c3581c",
                        "attributes": {
                            "assign_generated_ipv6_cidr_block": "false",
                            "cidr_block": "10.0.0.0/16",
                            "default_network_acl_id": "acl-36a4544c",
                            "default_route_table_id": "rtb-527ced2e",
                            "default_security_group_id": "sg-d57179a3",
                            "dhcp_options_id": "dopt-476f213e",
                            "enable_classiclink": "false",
                            "enable_classiclink_dns_support": "false",
                            "enable_dns_hostnames": "true",
                            "enable_dns_support": "true",
                            "id": "vpc-67c3581c",
                            "instance_tenancy": "default",
                            "main_route_table_id": "rtb-527ced2e",
                            "tags.%": "2",
                            "tags.Name": "prodVPC",
                            "tags.env": "prod"
                        },
                        "meta": {
                            "schema_version": "1"
                        },
                        "tainted": false
                    },
                    "deposed": [],
                    "provider": "provider.aws"
                },
                "data.aws_availability_zones.all": {
                    "type": "aws_availability_zones",
                    "depends_on": [],
                    "primary": {
                        "id": "2018-04-09 17:18:03.529309936 +0000 UTC",
                        "attributes": {
                            "id": "2018-04-09 17:18:03.529309936 +0000 UTC",
                            "names.#": "6",
                            "names.0": "us-east-1a",
                            "names.1": "us-east-1b",
                            "names.2": "us-east-1c",
                            "names.3": "us-east-1d",
                            "names.4": "us-east-1e",
                            "names.5": "us-east-1f"
                        },
                        "meta": {},
                        "tainted": false
                    },
                    "deposed": [],
                    "provider": "provider.aws"
                }
            },
            "depends_on": []
        }
    ]
}
